// !$*UTF8*$!
{
	archiveVersion = 1;
	classes = {
	};
	objectVersion = 56;
	objects = {

/* Begin PBXBuildFile section */
		C93E94102B6CF2C100693DF8 /* FirebaseCrashlytics in Frameworks */ = {isa = PBXBuildFile; productRef = C93E940F2B6CF2C100693DF8 /* FirebaseCrashlytics */; };
		C93E94132B70D6C100693DF8 /* InsightHomeView.swift in Sources */ = {isa = PBXBuildFile; fileRef = C93E94122B70D6C100693DF8 /* InsightHomeView.swift */; };
		C93E94152B70D88900693DF8 /* InsightManager.swift in Sources */ = {isa = PBXBuildFile; fileRef = C93E94142B70D88900693DF8 /* InsightManager.swift */; };
		C93E94172B70DCFC00693DF8 /* PersistentStoreManager.swift in Sources */ = {isa = PBXBuildFile; fileRef = C93E94162B70DCFC00693DF8 /* PersistentStoreManager.swift */; };
		C93E94192B70DFAD00693DF8 /* InsightChartCardView.swift in Sources */ = {isa = PBXBuildFile; fileRef = C93E94182B70DFAD00693DF8 /* InsightChartCardView.swift */; };
		C9C1F3362B6B624500141ECC /* TrainingSessionManager+TraningLog.swift in Sources */ = {isa = PBXBuildFile; fileRef = C9C1F3352B6B624500141ECC /* TrainingSessionManager+TraningLog.swift */; };
		C9C1F3392B6B626B00141ECC /* TrainingSessionManager+RestTime.swift in Sources */ = {isa = PBXBuildFile; fileRef = C9C1F3382B6B626B00141ECC /* TrainingSessionManager+RestTime.swift */; };
		C9C1F33B2B6B74EF00141ECC /* TightSchemaV1.swift in Sources */ = {isa = PBXBuildFile; fileRef = E509EA1B2B3EA53A0025E76C /* TightSchemaV1.swift */; };
		C9C1F33C2B6B750600141ECC /* Exercise.swift in Sources */ = {isa = PBXBuildFile; fileRef = E57FD7842B3DAF7D00696968 /* Exercise.swift */; };
		C9C1F33E2B6B76F700141ECC /* TrainingSessionContent.swift in Sources */ = {isa = PBXBuildFile; fileRef = C9C1F33D2B6B76F700141ECC /* TrainingSessionContent.swift */; };
		C9C1F3422B6CB7C900141ECC /* Logger.swift in Sources */ = {isa = PBXBuildFile; fileRef = E57FD7672B3DADCC00696968 /* Logger.swift */; };
		E504A44D2B6BD72F00AD3CEA /* Assets.xcassets in Resources */ = {isa = PBXBuildFile; fileRef = E562D7002B3DA34F000775B7 /* Assets.xcassets */; };
		E504A44F2B6BDAF000AD3CEA /* TraningSessionLiveActivityIntents.swift in Sources */ = {isa = PBXBuildFile; fileRef = E504A44E2B6BDAF000AD3CEA /* TraningSessionLiveActivityIntents.swift */; };
		E504A4502B6BDB2A00AD3CEA /* TraningSessionLiveActivityIntents.swift in Sources */ = {isa = PBXBuildFile; fileRef = E504A44E2B6BDAF000AD3CEA /* TraningSessionLiveActivityIntents.swift */; };
		E507EC2F2B5CE74D009F7094 /* TightWatchApp.swift in Sources */ = {isa = PBXBuildFile; fileRef = E507EC2E2B5CE74D009F7094 /* TightWatchApp.swift */; };
		E507EC312B5CE74D009F7094 /* ContentView.swift in Sources */ = {isa = PBXBuildFile; fileRef = E507EC302B5CE74D009F7094 /* ContentView.swift */; };
		E507EC332B5CE74F009F7094 /* Assets.xcassets in Resources */ = {isa = PBXBuildFile; fileRef = E507EC322B5CE74F009F7094 /* Assets.xcassets */; };
		E507EC362B5CE74F009F7094 /* Preview Assets.xcassets in Resources */ = {isa = PBXBuildFile; fileRef = E507EC352B5CE74F009F7094 /* Preview Assets.xcassets */; };
		E507EC402B5CE74F009F7094 /* TightWatch_Watch_AppTests.swift in Sources */ = {isa = PBXBuildFile; fileRef = E507EC3F2B5CE74F009F7094 /* TightWatch_Watch_AppTests.swift */; };
		E507EC4A2B5CE74F009F7094 /* TightWatch_Watch_AppUITests.swift in Sources */ = {isa = PBXBuildFile; fileRef = E507EC492B5CE74F009F7094 /* TightWatch_Watch_AppUITests.swift */; };
		E507EC4C2B5CE74F009F7094 /* TightWatch_Watch_AppUITestsLaunchTests.swift in Sources */ = {isa = PBXBuildFile; fileRef = E507EC4B2B5CE74F009F7094 /* TightWatch_Watch_AppUITestsLaunchTests.swift */; };
		E507EC4F2B5CE74F009F7094 /* Tight.app in Embed Watch Content */ = {isa = PBXBuildFile; fileRef = E507EC2C2B5CE74D009F7094 /* Tight.app */; settings = {ATTRIBUTES = (RemoveHeadersOnCopy, ); }; };
		E509EA1C2B3EA53A0025E76C /* TightSchemaV1.swift in Sources */ = {isa = PBXBuildFile; fileRef = E509EA1B2B3EA53A0025E76C /* TightSchemaV1.swift */; };
		E509EA202B3ECB140025E76C /* ExerciseTagPickerViewComponent.swift in Sources */ = {isa = PBXBuildFile; fileRef = E509EA1F2B3ECB140025E76C /* ExerciseTagPickerViewComponent.swift */; };
		E512DEA12B6BE66800A6DFC7 /* LiveActivityAttributes.swift in Sources */ = {isa = PBXBuildFile; fileRef = E5A2F32E2B4950C300735FC2 /* LiveActivityAttributes.swift */; };
		E5345B8F2B694BF300852E2F /* TrainingSessionManager+Watch.swift in Sources */ = {isa = PBXBuildFile; fileRef = E5345B8E2B694BF300852E2F /* TrainingSessionManager+Watch.swift */; };
		E539351E2B5CF13500A8DD8C /* LocalizationProvider.swift in Sources */ = {isa = PBXBuildFile; fileRef = E5B700C02B40105E0080442D /* LocalizationProvider.swift */; };
		E539351F2B5CF13E00A8DD8C /* Color+Extension.swift in Sources */ = {isa = PBXBuildFile; fileRef = E57FD79E2B3DB13F00696968 /* Color+Extension.swift */; };
		E53935202B5CF16D00A8DD8C /* Assets.xcassets in Resources */ = {isa = PBXBuildFile; fileRef = E562D7002B3DA34F000775B7 /* Assets.xcassets */; };
		E53935232B5D4E7700A8DD8C /* WatchSessionDelegate.swift in Sources */ = {isa = PBXBuildFile; fileRef = E53935222B5D4E7700A8DD8C /* WatchSessionDelegate.swift */; };
		E54420F82B4AD38F002C63BC /* LocalizationProvider.swift in Sources */ = {isa = PBXBuildFile; fileRef = E5B700C02B40105E0080442D /* LocalizationProvider.swift */; };
		E54420F92B4AD8EF002C63BC /* Localizable.xcstrings in Resources */ = {isa = PBXBuildFile; fileRef = E5B700BE2B400B740080442D /* Localizable.xcstrings */; };
		E55094442B60114A00C2C1EA /* WeightUnit.swift in Sources */ = {isa = PBXBuildFile; fileRef = E55094432B60114A00C2C1EA /* WeightUnit.swift */; };
		E55094452B60114A00C2C1EA /* WeightUnit.swift in Sources */ = {isa = PBXBuildFile; fileRef = E55094432B60114A00C2C1EA /* WeightUnit.swift */; };
		E55094462B60114A00C2C1EA /* WeightUnit.swift in Sources */ = {isa = PBXBuildFile; fileRef = E55094432B60114A00C2C1EA /* WeightUnit.swift */; };
		E553B9CF2B52BCED00BA0C61 /* Constants.swift in Sources */ = {isa = PBXBuildFile; fileRef = E59B08F72B41495000280FC4 /* Constants.swift */; };
		E553B9D02B52C47400BA0C61 /* Logger.swift in Sources */ = {isa = PBXBuildFile; fileRef = E57FD7672B3DADCC00696968 /* Logger.swift */; };
		E553B9D22B5395D900BA0C61 /* Date+ExtensionTests.swift in Sources */ = {isa = PBXBuildFile; fileRef = E553B9D12B5395D900BA0C61 /* Date+ExtensionTests.swift */; };
		E553B9D42B53BEF600BA0C61 /* AnalyticsHelper.swift in Sources */ = {isa = PBXBuildFile; fileRef = E553B9D32B53BEF600BA0C61 /* AnalyticsHelper.swift */; };
		E553B9D62B53ED2600BA0C61 /* TrainingSessionDailyReportView.swift in Sources */ = {isa = PBXBuildFile; fileRef = E553B9D52B53ED2600BA0C61 /* TrainingSessionDailyReportView.swift */; };
		E554FB932B4837FA007AB30F /* WidgetKit.framework in Frameworks */ = {isa = PBXBuildFile; fileRef = E554FB922B4837FA007AB30F /* WidgetKit.framework */; };
		E554FB952B4837FA007AB30F /* SwiftUI.framework in Frameworks */ = {isa = PBXBuildFile; fileRef = E554FB942B4837FA007AB30F /* SwiftUI.framework */; };
		E554FB982B4837FA007AB30F /* TrainingSessionBundle.swift in Sources */ = {isa = PBXBuildFile; fileRef = E554FB972B4837FA007AB30F /* TrainingSessionBundle.swift */; };
		E554FB9A2B4837FA007AB30F /* TrainingSessionLiveActivity.swift in Sources */ = {isa = PBXBuildFile; fileRef = E554FB992B4837FA007AB30F /* TrainingSessionLiveActivity.swift */; };
		E554FBA02B4837FB007AB30F /* Assets.xcassets in Resources */ = {isa = PBXBuildFile; fileRef = E554FB9F2B4837FB007AB30F /* Assets.xcassets */; };
		E554FBA42B4837FB007AB30F /* TrainingSessionExtension.appex in Embed Foundation Extensions */ = {isa = PBXBuildFile; fileRef = E554FB912B4837FA007AB30F /* TrainingSessionExtension.appex */; settings = {ATTRIBUTES = (RemoveHeadersOnCopy, ); }; };
		E5578C6C2B4E8FB4004947F2 /* TrainingSessionCollapsedView.swift in Sources */ = {isa = PBXBuildFile; fileRef = E5578C6B2B4E8FB4004947F2 /* TrainingSessionCollapsedView.swift */; };
		E55B09612B6DE7EF006A174A /* TrainingSessionExtendedView.swift in Sources */ = {isa = PBXBuildFile; fileRef = E55B09602B6DE7EF006A174A /* TrainingSessionExtendedView.swift */; };
		E55F131A2B6A92250044FA65 /* notificationSound.caf in Resources */ = {isa = PBXBuildFile; fileRef = E55F13192B6A92240044FA65 /* notificationSound.caf */; };
		E562D6FB2B3DA34E000775B7 /* TightApp.swift in Sources */ = {isa = PBXBuildFile; fileRef = E562D6FA2B3DA34E000775B7 /* TightApp.swift */; };
		E562D7012B3DA34F000775B7 /* Assets.xcassets in Resources */ = {isa = PBXBuildFile; fileRef = E562D7002B3DA34F000775B7 /* Assets.xcassets */; };
		E562D7042B3DA34F000775B7 /* Preview Assets.xcassets in Resources */ = {isa = PBXBuildFile; fileRef = E562D7032B3DA34F000775B7 /* Preview Assets.xcassets */; };
		E562D70E2B3DA34F000775B7 /* TightTests.swift in Sources */ = {isa = PBXBuildFile; fileRef = E562D70D2B3DA34F000775B7 /* TightTests.swift */; };
		E562D7182B3DA34F000775B7 /* TightUITests.swift in Sources */ = {isa = PBXBuildFile; fileRef = E562D7172B3DA34F000775B7 /* TightUITests.swift */; };
		E562D71A2B3DA34F000775B7 /* TightUITestsLaunchTests.swift in Sources */ = {isa = PBXBuildFile; fileRef = E562D7192B3DA34F000775B7 /* TightUITestsLaunchTests.swift */; };
		E57A88992B5D5EBB0040FCF5 /* ContentViewModel.swift in Sources */ = {isa = PBXBuildFile; fileRef = E57A88982B5D5EBB0040FCF5 /* ContentViewModel.swift */; };
		E57FD75D2B3DA3E400696968 /* GrowthBook-IOS in Frameworks */ = {isa = PBXBuildFile; productRef = E57FD75C2B3DA3E400696968 /* GrowthBook-IOS */; };
		E57FD7632B3DAD3900696968 /* FirebaseAnalytics in Frameworks */ = {isa = PBXBuildFile; productRef = E57FD7622B3DAD3900696968 /* FirebaseAnalytics */; };
		E57FD7682B3DADCC00696968 /* Logger.swift in Sources */ = {isa = PBXBuildFile; fileRef = E57FD7672B3DADCC00696968 /* Logger.swift */; };
		E57FD7702B3DAE0400696968 /* OffsetKey.swift in Sources */ = {isa = PBXBuildFile; fileRef = E57FD76A2B3DAE0300696968 /* OffsetKey.swift */; };
		E57FD7712B3DAE0400696968 /* Error.swift in Sources */ = {isa = PBXBuildFile; fileRef = E57FD76B2B3DAE0300696968 /* Error.swift */; };
		E57FD7722B3DAE0400696968 /* Mocks.swift in Sources */ = {isa = PBXBuildFile; fileRef = E57FD76C2B3DAE0300696968 /* Mocks.swift */; };
		E57FD7732B3DAE0400696968 /* MockLocations.swift in Sources */ = {isa = PBXBuildFile; fileRef = E57FD76D2B3DAE0300696968 /* MockLocations.swift */; };
		E57FD7752B3DAE0400696968 /* PreviewContainer.swift in Sources */ = {isa = PBXBuildFile; fileRef = E57FD76F2B3DAE0300696968 /* PreviewContainer.swift */; };
		E57FD7772B3DAE3B00696968 /* ExperiementsProvider.swift in Sources */ = {isa = PBXBuildFile; fileRef = E57FD7762B3DAE3B00696968 /* ExperiementsProvider.swift */; };
		E57FD7852B3DAF7D00696968 /* Exercise.swift in Sources */ = {isa = PBXBuildFile; fileRef = E57FD7842B3DAF7D00696968 /* Exercise.swift */; };
		E57FD7892B3DAFEB00696968 /* OnboardingViewModel.swift in Sources */ = {isa = PBXBuildFile; fileRef = E57FD7872B3DAFEB00696968 /* OnboardingViewModel.swift */; };
		E57FD78A2B3DAFEB00696968 /* OnboardingView.swift in Sources */ = {isa = PBXBuildFile; fileRef = E57FD7882B3DAFEB00696968 /* OnboardingView.swift */; };
		E57FD78E2B3DB00900696968 /* AppTabBarView.swift in Sources */ = {isa = PBXBuildFile; fileRef = E57FD78D2B3DB00900696968 /* AppTabBarView.swift */; };
		E57FD7902B3DB04400696968 /* NotificationManager.swift in Sources */ = {isa = PBXBuildFile; fileRef = E57FD78F2B3DB04400696968 /* NotificationManager.swift */; };
		E57FD7942B3DB0BE00696968 /* ArrangedExerciseCard.swift in Sources */ = {isa = PBXBuildFile; fileRef = E57FD7912B3DB0BE00696968 /* ArrangedExerciseCard.swift */; };
		E57FD7952B3DB0BE00696968 /* PivotMainView.swift in Sources */ = {isa = PBXBuildFile; fileRef = E57FD7922B3DB0BE00696968 /* PivotMainView.swift */; };
		E57FD7962B3DB0BE00696968 /* PivotMainViewModel.swift in Sources */ = {isa = PBXBuildFile; fileRef = E57FD7932B3DB0BE00696968 /* PivotMainViewModel.swift */; };
		E57FD7982B3DB0ED00696968 /* TabBarItemType.swift in Sources */ = {isa = PBXBuildFile; fileRef = E57FD7972B3DB0ED00696968 /* TabBarItemType.swift */; };
		E57FD79F2B3DB13F00696968 /* TimeInterval+Extension.swift in Sources */ = {isa = PBXBuildFile; fileRef = E57FD79A2B3DB13F00696968 /* TimeInterval+Extension.swift */; };
		E57FD7A02B3DB13F00696968 /* View+Extension.swift in Sources */ = {isa = PBXBuildFile; fileRef = E57FD79B2B3DB13F00696968 /* View+Extension.swift */; };
		E57FD7A22B3DB13F00696968 /* Date+Extension.swift in Sources */ = {isa = PBXBuildFile; fileRef = E57FD79D2B3DB13F00696968 /* Date+Extension.swift */; };
		E57FD7A32B3DB13F00696968 /* Color+Extension.swift in Sources */ = {isa = PBXBuildFile; fileRef = E57FD79E2B3DB13F00696968 /* Color+Extension.swift */; };
		E57FD7AD2B3DB18C00696968 /* TagLayout.swift in Sources */ = {isa = PBXBuildFile; fileRef = E57FD7A52B3DB18B00696968 /* TagLayout.swift */; };
		E57FD7AE2B3DB18C00696968 /* TagTextfieldView.swift in Sources */ = {isa = PBXBuildFile; fileRef = E57FD7A62B3DB18B00696968 /* TagTextfieldView.swift */; };
		E57FD7AF2B3DB18C00696968 /* PlanManagementView.swift in Sources */ = {isa = PBXBuildFile; fileRef = E57FD7A72B3DB18B00696968 /* PlanManagementView.swift */; };
		E57FD7B02B3DB18C00696968 /* PreferenceView.swift in Sources */ = {isa = PBXBuildFile; fileRef = E57FD7A82B3DB18C00696968 /* PreferenceView.swift */; };
		E57FD7B12B3DB18C00696968 /* PlanCard.swift in Sources */ = {isa = PBXBuildFile; fileRef = E57FD7A92B3DB18C00696968 /* PlanCard.swift */; };
		E57FD7B22B3DB18C00696968 /* EditPlanPresetView.swift in Sources */ = {isa = PBXBuildFile; fileRef = E57FD7AA2B3DB18C00696968 /* EditPlanPresetView.swift */; };
		E57FD7B32B3DB18C00696968 /* CreatePlanView.swift in Sources */ = {isa = PBXBuildFile; fileRef = E57FD7AB2B3DB18C00696968 /* CreatePlanView.swift */; };
		E57FD7B42B3DB18C00696968 /* EditPlanView.swift in Sources */ = {isa = PBXBuildFile; fileRef = E57FD7AC2B3DB18C00696968 /* EditPlanView.swift */; };
		E57FD7B92B3DB1DD00696968 /* EditArrangedExerciseView.swift in Sources */ = {isa = PBXBuildFile; fileRef = E57FD7B72B3DB1DD00696968 /* EditArrangedExerciseView.swift */; };
		E57FD7BA2B3DB1DD00696968 /* CreateArrangedExerciseView.swift in Sources */ = {isa = PBXBuildFile; fileRef = E57FD7B82B3DB1DD00696968 /* CreateArrangedExerciseView.swift */; };
		E57FD7C02B3DB1E500696968 /* ExerciseRepetitionSliderViewComponent.swift in Sources */ = {isa = PBXBuildFile; fileRef = E57FD7BB2B3DB1E500696968 /* ExerciseRepetitionSliderViewComponent.swift */; };
		E57FD7C12B3DB1E500696968 /* ExerciseSelectorViewComponent.swift in Sources */ = {isa = PBXBuildFile; fileRef = E57FD7BC2B3DB1E500696968 /* ExerciseSelectorViewComponent.swift */; };
		E57FD7C22B3DB1E500696968 /* ExerciseSetsSliderViewComponent.swift in Sources */ = {isa = PBXBuildFile; fileRef = E57FD7BD2B3DB1E500696968 /* ExerciseSetsSliderViewComponent.swift */; };
		E57FD7C32B3DB1E500696968 /* ExerciseRestIntervalSliderViewComponent.swift in Sources */ = {isa = PBXBuildFile; fileRef = E57FD7BE2B3DB1E500696968 /* ExerciseRestIntervalSliderViewComponent.swift */; };
		E57FD7C42B3DB1E500696968 /* ExercisePickerView.swift in Sources */ = {isa = PBXBuildFile; fileRef = E57FD7BF2B3DB1E500696968 /* ExercisePickerView.swift */; };
		E57FD7C62B3DB25200696968 /* UserPreference.swift in Sources */ = {isa = PBXBuildFile; fileRef = E57FD7C52B3DB25200696968 /* UserPreference.swift */; };
		E57FD7CC2B3DC6BE00696968 /* LaunchScreen.storyboard in Resources */ = {isa = PBXBuildFile; fileRef = E57FD7CB2B3DC6BE00696968 /* LaunchScreen.storyboard */; };
		E57FD7CE2B3DD47600696968 /* GoogleService-Info.plist in Resources */ = {isa = PBXBuildFile; fileRef = E57FD7CD2B3DD47600696968 /* GoogleService-Info.plist */; };
		E5986BCF2B5EC347003FAFC3 /* Localizable.xcstrings in Resources */ = {isa = PBXBuildFile; fileRef = E5B700BE2B400B740080442D /* Localizable.xcstrings */; };
		E59B08F82B41495000280FC4 /* Constants.swift in Sources */ = {isa = PBXBuildFile; fileRef = E59B08F72B41495000280FC4 /* Constants.swift */; };
		E59B08FD2B4292A900280FC4 /* ExerciseWeightViewComponent.swift in Sources */ = {isa = PBXBuildFile; fileRef = E59B08FC2B4292A900280FC4 /* ExerciseWeightViewComponent.swift */; };
		E59B08FF2B4594C000280FC4 /* TrainingSessionManager.swift in Sources */ = {isa = PBXBuildFile; fileRef = E59B08FE2B4594C000280FC4 /* TrainingSessionManager.swift */; };
		E5A2F3302B4950C300735FC2 /* LiveActivityAttributes.swift in Sources */ = {isa = PBXBuildFile; fileRef = E5A2F32E2B4950C300735FC2 /* LiveActivityAttributes.swift */; };
		E5A2F3322B495DEB00735FC2 /* TimeInterval+Extension.swift in Sources */ = {isa = PBXBuildFile; fileRef = E57FD79A2B3DB13F00696968 /* TimeInterval+Extension.swift */; };
		E5A2F3332B496ED100735FC2 /* Color+Extension.swift in Sources */ = {isa = PBXBuildFile; fileRef = E57FD79E2B3DB13F00696968 /* Color+Extension.swift */; };
		E5B4B7D62B5E99F600A411E1 /* TrainingSessionState.swift in Sources */ = {isa = PBXBuildFile; fileRef = E5B4B7D52B5E99F600A411E1 /* TrainingSessionState.swift */; };
		E5B4B7D72B5E99F600A411E1 /* TrainingSessionState.swift in Sources */ = {isa = PBXBuildFile; fileRef = E5B4B7D52B5E99F600A411E1 /* TrainingSessionState.swift */; };
		E5B4B7D92B5E9ABA00A411E1 /* TrainingSessionState.swift in Sources */ = {isa = PBXBuildFile; fileRef = E5B4B7D52B5E99F600A411E1 /* TrainingSessionState.swift */; };
		E5B700BF2B400B740080442D /* Localizable.xcstrings in Resources */ = {isa = PBXBuildFile; fileRef = E5B700BE2B400B740080442D /* Localizable.xcstrings */; };
		E5B700C12B40105E0080442D /* LocalizationProvider.swift in Sources */ = {isa = PBXBuildFile; fileRef = E5B700C02B40105E0080442D /* LocalizationProvider.swift */; };
		E5BE1B492B69328300FDAD43 /* TrainingSessionAttributes.swift in Sources */ = {isa = PBXBuildFile; fileRef = E5E8111D2B67E293005DB9A7 /* TrainingSessionAttributes.swift */; };
		E5C1C6B22B4A59570081B3EF /* TightSchemaV1.swift in Sources */ = {isa = PBXBuildFile; fileRef = E509EA1B2B3EA53A0025E76C /* TightSchemaV1.swift */; };
		E5C1C6B72B4A5A780081B3EF /* Exercise.swift in Sources */ = {isa = PBXBuildFile; fileRef = E57FD7842B3DAF7D00696968 /* Exercise.swift */; };
		E5C1C6B82B4A5F3F0081B3EF /* TrainingSessionLiveActivity.swift in Sources */ = {isa = PBXBuildFile; fileRef = E554FB992B4837FA007AB30F /* TrainingSessionLiveActivity.swift */; };
		E5E8111E2B67E293005DB9A7 /* TrainingSessionAttributes.swift in Sources */ = {isa = PBXBuildFile; fileRef = E5E8111D2B67E293005DB9A7 /* TrainingSessionAttributes.swift */; };
		E5E811202B67E698005DB9A7 /* TTWCSession.swift in Sources */ = {isa = PBXBuildFile; fileRef = E5E8111F2B67E698005DB9A7 /* TTWCSession.swift */; };
		E5E811242B67EB24005DB9A7 /* TraningSessionManager+Notification.swift in Sources */ = {isa = PBXBuildFile; fileRef = E5E811232B67EB24005DB9A7 /* TraningSessionManager+Notification.swift */; };
		E5E811272B67EB8D005DB9A7 /* TrainingSessionManager+LiveActivity.swift in Sources */ = {isa = PBXBuildFile; fileRef = E5E811262B67EB8D005DB9A7 /* TrainingSessionManager+LiveActivity.swift */; };
/* End PBXBuildFile section */

/* Begin PBXContainerItemProxy section */
		E507EC3C2B5CE74F009F7094 /* PBXContainerItemProxy */ = {
			isa = PBXContainerItemProxy;
			containerPortal = E562D6EF2B3DA34E000775B7 /* Project object */;
			proxyType = 1;
			remoteGlobalIDString = E507EC2B2B5CE74D009F7094;
			remoteInfo = "TightWatch Watch App";
		};
		E507EC462B5CE74F009F7094 /* PBXContainerItemProxy */ = {
			isa = PBXContainerItemProxy;
			containerPortal = E562D6EF2B3DA34E000775B7 /* Project object */;
			proxyType = 1;
			remoteGlobalIDString = E507EC2B2B5CE74D009F7094;
			remoteInfo = "TightWatch Watch App";
		};
		E507EC4D2B5CE74F009F7094 /* PBXContainerItemProxy */ = {
			isa = PBXContainerItemProxy;
			containerPortal = E562D6EF2B3DA34E000775B7 /* Project object */;
			proxyType = 1;
			remoteGlobalIDString = E507EC2B2B5CE74D009F7094;
			remoteInfo = "TightWatch Watch App";
		};
		E554FBA22B4837FB007AB30F /* PBXContainerItemProxy */ = {
			isa = PBXContainerItemProxy;
			containerPortal = E562D6EF2B3DA34E000775B7 /* Project object */;
			proxyType = 1;
			remoteGlobalIDString = E554FB902B4837FA007AB30F;
			remoteInfo = TrainingSessionExtension;
		};
		E562D70A2B3DA34F000775B7 /* PBXContainerItemProxy */ = {
			isa = PBXContainerItemProxy;
			containerPortal = E562D6EF2B3DA34E000775B7 /* Project object */;
			proxyType = 1;
			remoteGlobalIDString = E562D6F62B3DA34E000775B7;
			remoteInfo = Tight;
		};
		E562D7142B3DA34F000775B7 /* PBXContainerItemProxy */ = {
			isa = PBXContainerItemProxy;
			containerPortal = E562D6EF2B3DA34E000775B7 /* Project object */;
			proxyType = 1;
			remoteGlobalIDString = E562D6F62B3DA34E000775B7;
			remoteInfo = Tight;
		};
/* End PBXContainerItemProxy section */

/* Begin PBXCopyFilesBuildPhase section */
		E507EC502B5CE74F009F7094 /* Embed Watch Content */ = {
			isa = PBXCopyFilesBuildPhase;
			buildActionMask = 2147483647;
			dstPath = "$(CONTENTS_FOLDER_PATH)/Watch";
			dstSubfolderSpec = 16;
			files = (
				E507EC4F2B5CE74F009F7094 /* Tight.app in Embed Watch Content */,
			);
			name = "Embed Watch Content";
			runOnlyForDeploymentPostprocessing = 0;
		};
		E554FBA52B4837FC007AB30F /* Embed Foundation Extensions */ = {
			isa = PBXCopyFilesBuildPhase;
			buildActionMask = 2147483647;
			dstPath = "";
			dstSubfolderSpec = 13;
			files = (
				E554FBA42B4837FB007AB30F /* TrainingSessionExtension.appex in Embed Foundation Extensions */,
			);
			name = "Embed Foundation Extensions";
			runOnlyForDeploymentPostprocessing = 0;
		};
/* End PBXCopyFilesBuildPhase section */

/* Begin PBXFileReference section */
		C93E94122B70D6C100693DF8 /* InsightHomeView.swift */ = {isa = PBXFileReference; lastKnownFileType = sourcecode.swift; path = InsightHomeView.swift; sourceTree = "<group>"; };
		C93E94142B70D88900693DF8 /* InsightManager.swift */ = {isa = PBXFileReference; lastKnownFileType = sourcecode.swift; path = InsightManager.swift; sourceTree = "<group>"; };
		C93E94162B70DCFC00693DF8 /* PersistentStoreManager.swift */ = {isa = PBXFileReference; lastKnownFileType = sourcecode.swift; path = PersistentStoreManager.swift; sourceTree = "<group>"; };
		C93E94182B70DFAD00693DF8 /* InsightChartCardView.swift */ = {isa = PBXFileReference; lastKnownFileType = sourcecode.swift; path = InsightChartCardView.swift; sourceTree = "<group>"; };
		C9C1F3352B6B624500141ECC /* TrainingSessionManager+TraningLog.swift */ = {isa = PBXFileReference; lastKnownFileType = sourcecode.swift; path = "TrainingSessionManager+TraningLog.swift"; sourceTree = "<group>"; };
		C9C1F3382B6B626B00141ECC /* TrainingSessionManager+RestTime.swift */ = {isa = PBXFileReference; lastKnownFileType = sourcecode.swift; path = "TrainingSessionManager+RestTime.swift"; sourceTree = "<group>"; };
		C9C1F33D2B6B76F700141ECC /* TrainingSessionContent.swift */ = {isa = PBXFileReference; lastKnownFileType = sourcecode.swift; path = TrainingSessionContent.swift; sourceTree = "<group>"; };
		E504A44E2B6BDAF000AD3CEA /* TraningSessionLiveActivityIntents.swift */ = {isa = PBXFileReference; lastKnownFileType = sourcecode.swift; path = TraningSessionLiveActivityIntents.swift; sourceTree = "<group>"; };
		E507EC2C2B5CE74D009F7094 /* Tight.app */ = {isa = PBXFileReference; explicitFileType = wrapper.application; includeInIndex = 0; path = Tight.app; sourceTree = BUILT_PRODUCTS_DIR; };
		E507EC2E2B5CE74D009F7094 /* TightWatchApp.swift */ = {isa = PBXFileReference; lastKnownFileType = sourcecode.swift; path = TightWatchApp.swift; sourceTree = "<group>"; };
		E507EC302B5CE74D009F7094 /* ContentView.swift */ = {isa = PBXFileReference; lastKnownFileType = sourcecode.swift; path = ContentView.swift; sourceTree = "<group>"; };
		E507EC322B5CE74F009F7094 /* Assets.xcassets */ = {isa = PBXFileReference; lastKnownFileType = folder.assetcatalog; path = Assets.xcassets; sourceTree = "<group>"; };
		E507EC352B5CE74F009F7094 /* Preview Assets.xcassets */ = {isa = PBXFileReference; lastKnownFileType = folder.assetcatalog; path = "Preview Assets.xcassets"; sourceTree = "<group>"; };
		E507EC3B2B5CE74F009F7094 /* TightWatch Watch AppTests.xctest */ = {isa = PBXFileReference; explicitFileType = wrapper.cfbundle; includeInIndex = 0; path = "TightWatch Watch AppTests.xctest"; sourceTree = BUILT_PRODUCTS_DIR; };
		E507EC3F2B5CE74F009F7094 /* TightWatch_Watch_AppTests.swift */ = {isa = PBXFileReference; lastKnownFileType = sourcecode.swift; path = TightWatch_Watch_AppTests.swift; sourceTree = "<group>"; };
		E507EC452B5CE74F009F7094 /* TightWatch Watch AppUITests.xctest */ = {isa = PBXFileReference; explicitFileType = wrapper.cfbundle; includeInIndex = 0; path = "TightWatch Watch AppUITests.xctest"; sourceTree = BUILT_PRODUCTS_DIR; };
		E507EC492B5CE74F009F7094 /* TightWatch_Watch_AppUITests.swift */ = {isa = PBXFileReference; lastKnownFileType = sourcecode.swift; path = TightWatch_Watch_AppUITests.swift; sourceTree = "<group>"; };
		E507EC4B2B5CE74F009F7094 /* TightWatch_Watch_AppUITestsLaunchTests.swift */ = {isa = PBXFileReference; lastKnownFileType = sourcecode.swift; path = TightWatch_Watch_AppUITestsLaunchTests.swift; sourceTree = "<group>"; };
		E509EA1B2B3EA53A0025E76C /* TightSchemaV1.swift */ = {isa = PBXFileReference; lastKnownFileType = sourcecode.swift; path = TightSchemaV1.swift; sourceTree = "<group>"; };
		E509EA1F2B3ECB140025E76C /* ExerciseTagPickerViewComponent.swift */ = {isa = PBXFileReference; lastKnownFileType = sourcecode.swift; path = ExerciseTagPickerViewComponent.swift; sourceTree = "<group>"; };
		E5345B8E2B694BF300852E2F /* TrainingSessionManager+Watch.swift */ = {isa = PBXFileReference; lastKnownFileType = sourcecode.swift; path = "TrainingSessionManager+Watch.swift"; sourceTree = "<group>"; };
		E53935222B5D4E7700A8DD8C /* WatchSessionDelegate.swift */ = {isa = PBXFileReference; lastKnownFileType = sourcecode.swift; path = WatchSessionDelegate.swift; sourceTree = "<group>"; };
		E55094432B60114A00C2C1EA /* WeightUnit.swift */ = {isa = PBXFileReference; lastKnownFileType = sourcecode.swift; path = WeightUnit.swift; sourceTree = "<group>"; };
		E553B9D12B5395D900BA0C61 /* Date+ExtensionTests.swift */ = {isa = PBXFileReference; lastKnownFileType = sourcecode.swift; path = "Date+ExtensionTests.swift"; sourceTree = "<group>"; };
		E553B9D32B53BEF600BA0C61 /* AnalyticsHelper.swift */ = {isa = PBXFileReference; lastKnownFileType = sourcecode.swift; path = AnalyticsHelper.swift; sourceTree = "<group>"; };
		E553B9D52B53ED2600BA0C61 /* TrainingSessionDailyReportView.swift */ = {isa = PBXFileReference; lastKnownFileType = sourcecode.swift; path = TrainingSessionDailyReportView.swift; sourceTree = "<group>"; };
		E554FB912B4837FA007AB30F /* TrainingSessionExtension.appex */ = {isa = PBXFileReference; explicitFileType = "wrapper.app-extension"; includeInIndex = 0; path = TrainingSessionExtension.appex; sourceTree = BUILT_PRODUCTS_DIR; };
		E554FB922B4837FA007AB30F /* WidgetKit.framework */ = {isa = PBXFileReference; lastKnownFileType = wrapper.framework; name = WidgetKit.framework; path = System/Library/Frameworks/WidgetKit.framework; sourceTree = SDKROOT; };
		E554FB942B4837FA007AB30F /* SwiftUI.framework */ = {isa = PBXFileReference; lastKnownFileType = wrapper.framework; name = SwiftUI.framework; path = System/Library/Frameworks/SwiftUI.framework; sourceTree = SDKROOT; };
		E554FB972B4837FA007AB30F /* TrainingSessionBundle.swift */ = {isa = PBXFileReference; lastKnownFileType = sourcecode.swift; path = TrainingSessionBundle.swift; sourceTree = "<group>"; };
		E554FB992B4837FA007AB30F /* TrainingSessionLiveActivity.swift */ = {isa = PBXFileReference; lastKnownFileType = sourcecode.swift; path = TrainingSessionLiveActivity.swift; sourceTree = "<group>"; };
		E554FB9F2B4837FB007AB30F /* Assets.xcassets */ = {isa = PBXFileReference; lastKnownFileType = folder.assetcatalog; path = Assets.xcassets; sourceTree = "<group>"; };
		E554FBA12B4837FB007AB30F /* Info.plist */ = {isa = PBXFileReference; lastKnownFileType = text.plist.xml; path = Info.plist; sourceTree = "<group>"; };
		E5578C6B2B4E8FB4004947F2 /* TrainingSessionCollapsedView.swift */ = {isa = PBXFileReference; lastKnownFileType = sourcecode.swift; path = TrainingSessionCollapsedView.swift; sourceTree = "<group>"; };
		E55B09602B6DE7EF006A174A /* TrainingSessionExtendedView.swift */ = {isa = PBXFileReference; lastKnownFileType = sourcecode.swift; path = TrainingSessionExtendedView.swift; sourceTree = "<group>"; };
		E55F13192B6A92240044FA65 /* notificationSound.caf */ = {isa = PBXFileReference; lastKnownFileType = file; path = notificationSound.caf; sourceTree = "<group>"; };
		E562D6F72B3DA34E000775B7 /* Tight.app */ = {isa = PBXFileReference; explicitFileType = wrapper.application; includeInIndex = 0; path = Tight.app; sourceTree = BUILT_PRODUCTS_DIR; };
		E562D6FA2B3DA34E000775B7 /* TightApp.swift */ = {isa = PBXFileReference; lastKnownFileType = sourcecode.swift; path = TightApp.swift; sourceTree = "<group>"; };
		E562D7002B3DA34F000775B7 /* Assets.xcassets */ = {isa = PBXFileReference; lastKnownFileType = folder.assetcatalog; path = Assets.xcassets; sourceTree = "<group>"; };
		E562D7032B3DA34F000775B7 /* Preview Assets.xcassets */ = {isa = PBXFileReference; lastKnownFileType = folder.assetcatalog; path = "Preview Assets.xcassets"; sourceTree = "<group>"; };
		E562D7092B3DA34F000775B7 /* TightTests.xctest */ = {isa = PBXFileReference; explicitFileType = wrapper.cfbundle; includeInIndex = 0; path = TightTests.xctest; sourceTree = BUILT_PRODUCTS_DIR; };
		E562D70D2B3DA34F000775B7 /* TightTests.swift */ = {isa = PBXFileReference; lastKnownFileType = sourcecode.swift; path = TightTests.swift; sourceTree = "<group>"; };
		E562D7132B3DA34F000775B7 /* TightUITests.xctest */ = {isa = PBXFileReference; explicitFileType = wrapper.cfbundle; includeInIndex = 0; path = TightUITests.xctest; sourceTree = BUILT_PRODUCTS_DIR; };
		E562D7172B3DA34F000775B7 /* TightUITests.swift */ = {isa = PBXFileReference; lastKnownFileType = sourcecode.swift; path = TightUITests.swift; sourceTree = "<group>"; };
		E562D7192B3DA34F000775B7 /* TightUITestsLaunchTests.swift */ = {isa = PBXFileReference; lastKnownFileType = sourcecode.swift; path = TightUITestsLaunchTests.swift; sourceTree = "<group>"; };
		E56C07A32B651B3B00A4AFA9 /* TightWatch Watch App.entitlements */ = {isa = PBXFileReference; lastKnownFileType = text.plist.entitlements; path = "TightWatch Watch App.entitlements"; sourceTree = "<group>"; };
		E56C07A42B663D9100A4AFA9 /* Tight.entitlements */ = {isa = PBXFileReference; lastKnownFileType = text.plist.entitlements; path = Tight.entitlements; sourceTree = "<group>"; };
		E57A88982B5D5EBB0040FCF5 /* ContentViewModel.swift */ = {isa = PBXFileReference; lastKnownFileType = sourcecode.swift; path = ContentViewModel.swift; sourceTree = "<group>"; };
		E57FD7672B3DADCC00696968 /* Logger.swift */ = {isa = PBXFileReference; fileEncoding = 4; lastKnownFileType = sourcecode.swift; path = Logger.swift; sourceTree = "<group>"; };
		E57FD76A2B3DAE0300696968 /* OffsetKey.swift */ = {isa = PBXFileReference; fileEncoding = 4; lastKnownFileType = sourcecode.swift; path = OffsetKey.swift; sourceTree = "<group>"; };
		E57FD76B2B3DAE0300696968 /* Error.swift */ = {isa = PBXFileReference; fileEncoding = 4; lastKnownFileType = sourcecode.swift; path = Error.swift; sourceTree = "<group>"; };
		E57FD76C2B3DAE0300696968 /* Mocks.swift */ = {isa = PBXFileReference; fileEncoding = 4; lastKnownFileType = sourcecode.swift; path = Mocks.swift; sourceTree = "<group>"; };
		E57FD76D2B3DAE0300696968 /* MockLocations.swift */ = {isa = PBXFileReference; fileEncoding = 4; lastKnownFileType = sourcecode.swift; path = MockLocations.swift; sourceTree = "<group>"; };
		E57FD76F2B3DAE0300696968 /* PreviewContainer.swift */ = {isa = PBXFileReference; fileEncoding = 4; lastKnownFileType = sourcecode.swift; path = PreviewContainer.swift; sourceTree = "<group>"; };
		E57FD7762B3DAE3B00696968 /* ExperiementsProvider.swift */ = {isa = PBXFileReference; fileEncoding = 4; lastKnownFileType = sourcecode.swift; path = ExperiementsProvider.swift; sourceTree = "<group>"; };
		E57FD7842B3DAF7D00696968 /* Exercise.swift */ = {isa = PBXFileReference; lastKnownFileType = sourcecode.swift; path = Exercise.swift; sourceTree = "<group>"; };
		E57FD7872B3DAFEB00696968 /* OnboardingViewModel.swift */ = {isa = PBXFileReference; fileEncoding = 4; lastKnownFileType = sourcecode.swift; path = OnboardingViewModel.swift; sourceTree = "<group>"; };
		E57FD7882B3DAFEB00696968 /* OnboardingView.swift */ = {isa = PBXFileReference; fileEncoding = 4; lastKnownFileType = sourcecode.swift; path = OnboardingView.swift; sourceTree = "<group>"; };
		E57FD78D2B3DB00900696968 /* AppTabBarView.swift */ = {isa = PBXFileReference; fileEncoding = 4; lastKnownFileType = sourcecode.swift; path = AppTabBarView.swift; sourceTree = "<group>"; };
		E57FD78F2B3DB04400696968 /* NotificationManager.swift */ = {isa = PBXFileReference; fileEncoding = 4; lastKnownFileType = sourcecode.swift; path = NotificationManager.swift; sourceTree = "<group>"; };
		E57FD7912B3DB0BE00696968 /* ArrangedExerciseCard.swift */ = {isa = PBXFileReference; fileEncoding = 4; lastKnownFileType = sourcecode.swift; path = ArrangedExerciseCard.swift; sourceTree = "<group>"; };
		E57FD7922B3DB0BE00696968 /* PivotMainView.swift */ = {isa = PBXFileReference; fileEncoding = 4; lastKnownFileType = sourcecode.swift; path = PivotMainView.swift; sourceTree = "<group>"; };
		E57FD7932B3DB0BE00696968 /* PivotMainViewModel.swift */ = {isa = PBXFileReference; fileEncoding = 4; lastKnownFileType = sourcecode.swift; path = PivotMainViewModel.swift; sourceTree = "<group>"; };
		E57FD7972B3DB0ED00696968 /* TabBarItemType.swift */ = {isa = PBXFileReference; lastKnownFileType = sourcecode.swift; path = TabBarItemType.swift; sourceTree = "<group>"; };
		E57FD79A2B3DB13F00696968 /* TimeInterval+Extension.swift */ = {isa = PBXFileReference; fileEncoding = 4; lastKnownFileType = sourcecode.swift; path = "TimeInterval+Extension.swift"; sourceTree = "<group>"; };
		E57FD79B2B3DB13F00696968 /* View+Extension.swift */ = {isa = PBXFileReference; fileEncoding = 4; lastKnownFileType = sourcecode.swift; path = "View+Extension.swift"; sourceTree = "<group>"; };
		E57FD79D2B3DB13F00696968 /* Date+Extension.swift */ = {isa = PBXFileReference; fileEncoding = 4; lastKnownFileType = sourcecode.swift; path = "Date+Extension.swift"; sourceTree = "<group>"; };
		E57FD79E2B3DB13F00696968 /* Color+Extension.swift */ = {isa = PBXFileReference; fileEncoding = 4; lastKnownFileType = sourcecode.swift; path = "Color+Extension.swift"; sourceTree = "<group>"; };
		E57FD7A52B3DB18B00696968 /* TagLayout.swift */ = {isa = PBXFileReference; fileEncoding = 4; lastKnownFileType = sourcecode.swift; path = TagLayout.swift; sourceTree = "<group>"; };
		E57FD7A62B3DB18B00696968 /* TagTextfieldView.swift */ = {isa = PBXFileReference; fileEncoding = 4; lastKnownFileType = sourcecode.swift; path = TagTextfieldView.swift; sourceTree = "<group>"; };
		E57FD7A72B3DB18B00696968 /* PlanManagementView.swift */ = {isa = PBXFileReference; fileEncoding = 4; lastKnownFileType = sourcecode.swift; path = PlanManagementView.swift; sourceTree = "<group>"; };
		E57FD7A82B3DB18C00696968 /* PreferenceView.swift */ = {isa = PBXFileReference; fileEncoding = 4; lastKnownFileType = sourcecode.swift; path = PreferenceView.swift; sourceTree = "<group>"; };
		E57FD7A92B3DB18C00696968 /* PlanCard.swift */ = {isa = PBXFileReference; fileEncoding = 4; lastKnownFileType = sourcecode.swift; path = PlanCard.swift; sourceTree = "<group>"; };
		E57FD7AA2B3DB18C00696968 /* EditPlanPresetView.swift */ = {isa = PBXFileReference; fileEncoding = 4; lastKnownFileType = sourcecode.swift; path = EditPlanPresetView.swift; sourceTree = "<group>"; };
		E57FD7AB2B3DB18C00696968 /* CreatePlanView.swift */ = {isa = PBXFileReference; fileEncoding = 4; lastKnownFileType = sourcecode.swift; path = CreatePlanView.swift; sourceTree = "<group>"; };
		E57FD7AC2B3DB18C00696968 /* EditPlanView.swift */ = {isa = PBXFileReference; fileEncoding = 4; lastKnownFileType = sourcecode.swift; path = EditPlanView.swift; sourceTree = "<group>"; };
		E57FD7B72B3DB1DD00696968 /* EditArrangedExerciseView.swift */ = {isa = PBXFileReference; fileEncoding = 4; lastKnownFileType = sourcecode.swift; path = EditArrangedExerciseView.swift; sourceTree = "<group>"; };
		E57FD7B82B3DB1DD00696968 /* CreateArrangedExerciseView.swift */ = {isa = PBXFileReference; fileEncoding = 4; lastKnownFileType = sourcecode.swift; path = CreateArrangedExerciseView.swift; sourceTree = "<group>"; };
		E57FD7BB2B3DB1E500696968 /* ExerciseRepetitionSliderViewComponent.swift */ = {isa = PBXFileReference; fileEncoding = 4; lastKnownFileType = sourcecode.swift; path = ExerciseRepetitionSliderViewComponent.swift; sourceTree = "<group>"; };
		E57FD7BC2B3DB1E500696968 /* ExerciseSelectorViewComponent.swift */ = {isa = PBXFileReference; fileEncoding = 4; lastKnownFileType = sourcecode.swift; path = ExerciseSelectorViewComponent.swift; sourceTree = "<group>"; };
		E57FD7BD2B3DB1E500696968 /* ExerciseSetsSliderViewComponent.swift */ = {isa = PBXFileReference; fileEncoding = 4; lastKnownFileType = sourcecode.swift; path = ExerciseSetsSliderViewComponent.swift; sourceTree = "<group>"; };
		E57FD7BE2B3DB1E500696968 /* ExerciseRestIntervalSliderViewComponent.swift */ = {isa = PBXFileReference; fileEncoding = 4; lastKnownFileType = sourcecode.swift; path = ExerciseRestIntervalSliderViewComponent.swift; sourceTree = "<group>"; };
		E57FD7BF2B3DB1E500696968 /* ExercisePickerView.swift */ = {isa = PBXFileReference; fileEncoding = 4; lastKnownFileType = sourcecode.swift; path = ExercisePickerView.swift; sourceTree = "<group>"; };
		E57FD7C52B3DB25200696968 /* UserPreference.swift */ = {isa = PBXFileReference; lastKnownFileType = sourcecode.swift; path = UserPreference.swift; sourceTree = "<group>"; };
		E57FD7CB2B3DC6BE00696968 /* LaunchScreen.storyboard */ = {isa = PBXFileReference; fileEncoding = 4; lastKnownFileType = file.storyboard; path = LaunchScreen.storyboard; sourceTree = "<group>"; };
		E57FD7CD2B3DD47600696968 /* GoogleService-Info.plist */ = {isa = PBXFileReference; fileEncoding = 4; lastKnownFileType = text.plist.xml; path = "GoogleService-Info.plist"; sourceTree = "<group>"; };
		E59B08F72B41495000280FC4 /* Constants.swift */ = {isa = PBXFileReference; lastKnownFileType = sourcecode.swift; path = Constants.swift; sourceTree = "<group>"; };
		E59B08FC2B4292A900280FC4 /* ExerciseWeightViewComponent.swift */ = {isa = PBXFileReference; lastKnownFileType = sourcecode.swift; path = ExerciseWeightViewComponent.swift; sourceTree = "<group>"; };
		E59B08FE2B4594C000280FC4 /* TrainingSessionManager.swift */ = {isa = PBXFileReference; lastKnownFileType = sourcecode.swift; path = TrainingSessionManager.swift; sourceTree = "<group>"; };
		E5A2F32E2B4950C300735FC2 /* LiveActivityAttributes.swift */ = {isa = PBXFileReference; lastKnownFileType = sourcecode.swift; path = LiveActivityAttributes.swift; sourceTree = "<group>"; };
		E5A2F3312B49568A00735FC2 /* Info.plist */ = {isa = PBXFileReference; lastKnownFileType = text.plist; path = Info.plist; sourceTree = "<group>"; };
		E5B4B7D52B5E99F600A411E1 /* TrainingSessionState.swift */ = {isa = PBXFileReference; lastKnownFileType = sourcecode.swift; path = TrainingSessionState.swift; sourceTree = "<group>"; };
		E5B4B7DA2B5EB09900A411E1 /* TightWatch-Watch-App-Info.plist */ = {isa = PBXFileReference; lastKnownFileType = text.plist; path = "TightWatch-Watch-App-Info.plist"; sourceTree = SOURCE_ROOT; };
		E5B700BE2B400B740080442D /* Localizable.xcstrings */ = {isa = PBXFileReference; lastKnownFileType = text.json.xcstrings; path = Localizable.xcstrings; sourceTree = "<group>"; };
		E5B700C02B40105E0080442D /* LocalizationProvider.swift */ = {isa = PBXFileReference; lastKnownFileType = sourcecode.swift; path = LocalizationProvider.swift; sourceTree = "<group>"; };
		E5E8111D2B67E293005DB9A7 /* TrainingSessionAttributes.swift */ = {isa = PBXFileReference; lastKnownFileType = sourcecode.swift; path = TrainingSessionAttributes.swift; sourceTree = "<group>"; };
		E5E8111F2B67E698005DB9A7 /* TTWCSession.swift */ = {isa = PBXFileReference; lastKnownFileType = sourcecode.swift; path = TTWCSession.swift; sourceTree = "<group>"; };
		E5E811232B67EB24005DB9A7 /* TraningSessionManager+Notification.swift */ = {isa = PBXFileReference; lastKnownFileType = sourcecode.swift; path = "TraningSessionManager+Notification.swift"; sourceTree = "<group>"; };
		E5E811262B67EB8D005DB9A7 /* TrainingSessionManager+LiveActivity.swift */ = {isa = PBXFileReference; lastKnownFileType = sourcecode.swift; path = "TrainingSessionManager+LiveActivity.swift"; sourceTree = "<group>"; };
/* End PBXFileReference section */

/* Begin PBXFrameworksBuildPhase section */
		E507EC292B5CE74D009F7094 /* Frameworks */ = {
			isa = PBXFrameworksBuildPhase;
			buildActionMask = 2147483647;
			files = (
			);
			runOnlyForDeploymentPostprocessing = 0;
		};
		E507EC382B5CE74F009F7094 /* Frameworks */ = {
			isa = PBXFrameworksBuildPhase;
			buildActionMask = 2147483647;
			files = (
			);
			runOnlyForDeploymentPostprocessing = 0;
		};
		E507EC422B5CE74F009F7094 /* Frameworks */ = {
			isa = PBXFrameworksBuildPhase;
			buildActionMask = 2147483647;
			files = (
			);
			runOnlyForDeploymentPostprocessing = 0;
		};
		E554FB8E2B4837FA007AB30F /* Frameworks */ = {
			isa = PBXFrameworksBuildPhase;
			buildActionMask = 2147483647;
			files = (
				E554FB952B4837FA007AB30F /* SwiftUI.framework in Frameworks */,
				E554FB932B4837FA007AB30F /* WidgetKit.framework in Frameworks */,
			);
			runOnlyForDeploymentPostprocessing = 0;
		};
		E562D6F42B3DA34E000775B7 /* Frameworks */ = {
			isa = PBXFrameworksBuildPhase;
			buildActionMask = 2147483647;
			files = (
				C93E94102B6CF2C100693DF8 /* FirebaseCrashlytics in Frameworks */,
				E57FD7632B3DAD3900696968 /* FirebaseAnalytics in Frameworks */,
				E57FD75D2B3DA3E400696968 /* GrowthBook-IOS in Frameworks */,
			);
			runOnlyForDeploymentPostprocessing = 0;
		};
		E562D7062B3DA34F000775B7 /* Frameworks */ = {
			isa = PBXFrameworksBuildPhase;
			buildActionMask = 2147483647;
			files = (
			);
			runOnlyForDeploymentPostprocessing = 0;
		};
		E562D7102B3DA34F000775B7 /* Frameworks */ = {
			isa = PBXFrameworksBuildPhase;
			buildActionMask = 2147483647;
			files = (
			);
			runOnlyForDeploymentPostprocessing = 0;
		};
/* End PBXFrameworksBuildPhase section */

/* Begin PBXGroup section */
		C93E94112B70D6A600693DF8 /* Insight */ = {
			isa = PBXGroup;
			children = (
				C93E94122B70D6C100693DF8 /* InsightHomeView.swift */,
				C93E94182B70DFAD00693DF8 /* InsightChartCardView.swift */,
			);
			path = Insight;
			sourceTree = "<group>";
		};
		C9C1F3412B6CB51000141ECC /* Training */ = {
			isa = PBXGroup;
			children = (
				E5E8111D2B67E293005DB9A7 /* TrainingSessionAttributes.swift */,
				E59B08FE2B4594C000280FC4 /* TrainingSessionManager.swift */,
				E5B4B7D52B5E99F600A411E1 /* TrainingSessionState.swift */,
				E5E811232B67EB24005DB9A7 /* TraningSessionManager+Notification.swift */,
				E5E811262B67EB8D005DB9A7 /* TrainingSessionManager+LiveActivity.swift */,
				E5345B8E2B694BF300852E2F /* TrainingSessionManager+Watch.swift */,
				C9C1F3352B6B624500141ECC /* TrainingSessionManager+TraningLog.swift */,
				C9C1F3382B6B626B00141ECC /* TrainingSessionManager+RestTime.swift */,
			);
			path = Training;
			sourceTree = "<group>";
		};
		E507EC2D2B5CE74D009F7094 /* TightWatch Watch App */ = {
			isa = PBXGroup;
			children = (
				E56C07A32B651B3B00A4AFA9 /* TightWatch Watch App.entitlements */,
				E5B4B7DA2B5EB09900A411E1 /* TightWatch-Watch-App-Info.plist */,
				E507EC2E2B5CE74D009F7094 /* TightWatchApp.swift */,
				E507EC302B5CE74D009F7094 /* ContentView.swift */,
				E57A88982B5D5EBB0040FCF5 /* ContentViewModel.swift */,
				E507EC322B5CE74F009F7094 /* Assets.xcassets */,
				E507EC342B5CE74F009F7094 /* Preview Content */,
			);
			path = "TightWatch Watch App";
			sourceTree = "<group>";
		};
		E507EC342B5CE74F009F7094 /* Preview Content */ = {
			isa = PBXGroup;
			children = (
				E507EC352B5CE74F009F7094 /* Preview Assets.xcassets */,
			);
			path = "Preview Content";
			sourceTree = "<group>";
		};
		E507EC3E2B5CE74F009F7094 /* TightWatch Watch AppTests */ = {
			isa = PBXGroup;
			children = (
				E507EC3F2B5CE74F009F7094 /* TightWatch_Watch_AppTests.swift */,
			);
			path = "TightWatch Watch AppTests";
			sourceTree = "<group>";
		};
		E507EC482B5CE74F009F7094 /* TightWatch Watch AppUITests */ = {
			isa = PBXGroup;
			children = (
				E507EC492B5CE74F009F7094 /* TightWatch_Watch_AppUITests.swift */,
				E507EC4B2B5CE74F009F7094 /* TightWatch_Watch_AppUITestsLaunchTests.swift */,
			);
			path = "TightWatch Watch AppUITests";
			sourceTree = "<group>";
		};
		E53935212B5D4E6200A8DD8C /* Watch */ = {
			isa = PBXGroup;
			children = (
				E53935222B5D4E7700A8DD8C /* WatchSessionDelegate.swift */,
				E5E8111F2B67E698005DB9A7 /* TTWCSession.swift */,
			);
			path = Watch;
			sourceTree = "<group>";
		};
		E554FB962B4837FA007AB30F /* TrainingSession */ = {
			isa = PBXGroup;
			children = (
				E554FB972B4837FA007AB30F /* TrainingSessionBundle.swift */,
				E554FB992B4837FA007AB30F /* TrainingSessionLiveActivity.swift */,
				E504A44E2B6BDAF000AD3CEA /* TraningSessionLiveActivityIntents.swift */,
				E554FB9F2B4837FB007AB30F /* Assets.xcassets */,
				E554FBA12B4837FB007AB30F /* Info.plist */,
			);
			path = TrainingSession;
			sourceTree = "<group>";
		};
		E562D6EE2B3DA34E000775B7 = {
			isa = PBXGroup;
			children = (
				E562D6F92B3DA34E000775B7 /* Tight */,
				E562D70C2B3DA34F000775B7 /* TightTests */,
				E562D7162B3DA34F000775B7 /* TightUITests */,
				E554FB962B4837FA007AB30F /* TrainingSession */,
				E507EC2D2B5CE74D009F7094 /* TightWatch Watch App */,
				E507EC3E2B5CE74F009F7094 /* TightWatch Watch AppTests */,
				E507EC482B5CE74F009F7094 /* TightWatch Watch AppUITests */,
				E562D6F82B3DA34E000775B7 /* Products */,
				E57FD75F2B3DAD0300696968 /* Frameworks */,
			);
			sourceTree = "<group>";
		};
		E562D6F82B3DA34E000775B7 /* Products */ = {
			isa = PBXGroup;
			children = (
				E562D6F72B3DA34E000775B7 /* Tight.app */,
				E562D7092B3DA34F000775B7 /* TightTests.xctest */,
				E562D7132B3DA34F000775B7 /* TightUITests.xctest */,
				E554FB912B4837FA007AB30F /* TrainingSessionExtension.appex */,
				E507EC2C2B5CE74D009F7094 /* Tight.app */,
				E507EC3B2B5CE74F009F7094 /* TightWatch Watch AppTests.xctest */,
				E507EC452B5CE74F009F7094 /* TightWatch Watch AppUITests.xctest */,
			);
			name = Products;
			sourceTree = "<group>";
		};
		E562D6F92B3DA34E000775B7 /* Tight */ = {
			isa = PBXGroup;
			children = (
				E56C07A42B663D9100A4AFA9 /* Tight.entitlements */,
				E562D6FA2B3DA34E000775B7 /* TightApp.swift */,
				E5B700BE2B400B740080442D /* Localizable.xcstrings */,
				E562D7002B3DA34F000775B7 /* Assets.xcassets */,
				E5A2F3312B49568A00735FC2 /* Info.plist */,
				E57FD7CD2B3DD47600696968 /* GoogleService-Info.plist */,
				E55F13192B6A92240044FA65 /* notificationSound.caf */,
				E53935212B5D4E6200A8DD8C /* Watch */,
				E57FD77F2B3DAE5B00696968 /* Scenes */,
				E57FD7782B3DAE4600696968 /* Models */,
				E57FD7692B3DADD700696968 /* Managers */,
				E57FD7992B3DB13200696968 /* Extensions */,
				E57FD7642B3DAD6600696968 /* Utils */,
				E562D7022B3DA34F000775B7 /* Preview Content */,
			);
			path = Tight;
			sourceTree = "<group>";
		};
		E562D7022B3DA34F000775B7 /* Preview Content */ = {
			isa = PBXGroup;
			children = (
				E562D7032B3DA34F000775B7 /* Preview Assets.xcassets */,
			);
			path = "Preview Content";
			sourceTree = "<group>";
		};
		E562D70C2B3DA34F000775B7 /* TightTests */ = {
			isa = PBXGroup;
			children = (
				E562D70D2B3DA34F000775B7 /* TightTests.swift */,
				E553B9D12B5395D900BA0C61 /* Date+ExtensionTests.swift */,
			);
			path = TightTests;
			sourceTree = "<group>";
		};
		E562D7162B3DA34F000775B7 /* TightUITests */ = {
			isa = PBXGroup;
			children = (
				E562D7172B3DA34F000775B7 /* TightUITests.swift */,
				E562D7192B3DA34F000775B7 /* TightUITestsLaunchTests.swift */,
			);
			path = TightUITests;
			sourceTree = "<group>";
		};
		E57FD75F2B3DAD0300696968 /* Frameworks */ = {
			isa = PBXGroup;
			children = (
				E554FB922B4837FA007AB30F /* WidgetKit.framework */,
				E554FB942B4837FA007AB30F /* SwiftUI.framework */,
			);
			name = Frameworks;
			sourceTree = "<group>";
		};
		E57FD7642B3DAD6600696968 /* Utils */ = {
			isa = PBXGroup;
			children = (
				E57FD76B2B3DAE0300696968 /* Error.swift */,
				E57FD76D2B3DAE0300696968 /* MockLocations.swift */,
				E57FD76C2B3DAE0300696968 /* Mocks.swift */,
				E57FD76A2B3DAE0300696968 /* OffsetKey.swift */,
				E57FD76F2B3DAE0300696968 /* PreviewContainer.swift */,
				E57FD7672B3DADCC00696968 /* Logger.swift */,
				E57FD7972B3DB0ED00696968 /* TabBarItemType.swift */,
				E57FD7C52B3DB25200696968 /* UserPreference.swift */,
				E59B08F72B41495000280FC4 /* Constants.swift */,
				E553B9D32B53BEF600BA0C61 /* AnalyticsHelper.swift */,
				E55094432B60114A00C2C1EA /* WeightUnit.swift */,
			);
			path = Utils;
			sourceTree = "<group>";
		};
		E57FD7692B3DADD700696968 /* Managers */ = {
			isa = PBXGroup;
			children = (
				C9C1F3412B6CB51000141ECC /* Training */,
				E5B700C02B40105E0080442D /* LocalizationProvider.swift */,
				E57FD78F2B3DB04400696968 /* NotificationManager.swift */,
				E57FD7762B3DAE3B00696968 /* ExperiementsProvider.swift */,
				C93E94142B70D88900693DF8 /* InsightManager.swift */,
				C93E94162B70DCFC00693DF8 /* PersistentStoreManager.swift */,
			);
			path = Managers;
			sourceTree = "<group>";
		};
		E57FD7782B3DAE4600696968 /* Models */ = {
			isa = PBXGroup;
			children = (
				E57FD7842B3DAF7D00696968 /* Exercise.swift */,
				E509EA1B2B3EA53A0025E76C /* TightSchemaV1.swift */,
				E5A2F32E2B4950C300735FC2 /* LiveActivityAttributes.swift */,
				C9C1F33D2B6B76F700141ECC /* TrainingSessionContent.swift */,
			);
			path = Models;
			sourceTree = "<group>";
		};
		E57FD77F2B3DAE5B00696968 /* Scenes */ = {
			isa = PBXGroup;
			children = (
				C93E94112B70D6A600693DF8 /* Insight */,
				E57FD7CA2B3DC6AA00696968 /* Launch */,
				E57FD7B52B3DB1AE00696968 /* ArrangeExericse */,
				E57FD7A42B3DB17600696968 /* Preference */,
				E57FD78C2B3DAFFF00696968 /* AppTabBar */,
				E57FD78B2B3DAFF100696968 /* Main */,
				E57FD7862B3DAFDC00696968 /* Onboarding */,
			);
			path = Scenes;
			sourceTree = "<group>";
		};
		E57FD7862B3DAFDC00696968 /* Onboarding */ = {
			isa = PBXGroup;
			children = (
				E57FD7882B3DAFEB00696968 /* OnboardingView.swift */,
				E57FD7872B3DAFEB00696968 /* OnboardingViewModel.swift */,
			);
			path = Onboarding;
			sourceTree = "<group>";
		};
		E57FD78B2B3DAFF100696968 /* Main */ = {
			isa = PBXGroup;
			children = (
				E57FD7912B3DB0BE00696968 /* ArrangedExerciseCard.swift */,
				E57FD7922B3DB0BE00696968 /* PivotMainView.swift */,
				E57FD7932B3DB0BE00696968 /* PivotMainViewModel.swift */,
				E5578C6B2B4E8FB4004947F2 /* TrainingSessionCollapsedView.swift */,
				E55B09602B6DE7EF006A174A /* TrainingSessionExtendedView.swift */,
				E553B9D52B53ED2600BA0C61 /* TrainingSessionDailyReportView.swift */,
			);
			path = Main;
			sourceTree = "<group>";
		};
		E57FD78C2B3DAFFF00696968 /* AppTabBar */ = {
			isa = PBXGroup;
			children = (
				E57FD78D2B3DB00900696968 /* AppTabBarView.swift */,
			);
			path = AppTabBar;
			sourceTree = "<group>";
		};
		E57FD7992B3DB13200696968 /* Extensions */ = {
			isa = PBXGroup;
			children = (
				E57FD79E2B3DB13F00696968 /* Color+Extension.swift */,
				E57FD79D2B3DB13F00696968 /* Date+Extension.swift */,
				E57FD79A2B3DB13F00696968 /* TimeInterval+Extension.swift */,
				E57FD79B2B3DB13F00696968 /* View+Extension.swift */,
			);
			path = Extensions;
			sourceTree = "<group>";
		};
		E57FD7A42B3DB17600696968 /* Preference */ = {
			isa = PBXGroup;
			children = (
				E57FD7AB2B3DB18C00696968 /* CreatePlanView.swift */,
				E57FD7AA2B3DB18C00696968 /* EditPlanPresetView.swift */,
				E57FD7AC2B3DB18C00696968 /* EditPlanView.swift */,
				E57FD7A92B3DB18C00696968 /* PlanCard.swift */,
				E57FD7A72B3DB18B00696968 /* PlanManagementView.swift */,
				E57FD7A82B3DB18C00696968 /* PreferenceView.swift */,
				E57FD7A52B3DB18B00696968 /* TagLayout.swift */,
				E57FD7A62B3DB18B00696968 /* TagTextfieldView.swift */,
			);
			path = Preference;
			sourceTree = "<group>";
		};
		E57FD7B52B3DB1AE00696968 /* ArrangeExericse */ = {
			isa = PBXGroup;
			children = (
				E59B08F92B42925200280FC4 /* Components */,
				E57FD7B82B3DB1DD00696968 /* CreateArrangedExerciseView.swift */,
				E57FD7B72B3DB1DD00696968 /* EditArrangedExerciseView.swift */,
				E57FD7B62B3DB1CB00696968 /* ExercisePickerView */,
			);
			path = ArrangeExericse;
			sourceTree = "<group>";
		};
		E57FD7B62B3DB1CB00696968 /* ExercisePickerView */ = {
			isa = PBXGroup;
			children = (
				E57FD7BF2B3DB1E500696968 /* ExercisePickerView.swift */,
			);
			path = ExercisePickerView;
			sourceTree = "<group>";
		};
		E57FD7CA2B3DC6AA00696968 /* Launch */ = {
			isa = PBXGroup;
			children = (
				E57FD7CB2B3DC6BE00696968 /* LaunchScreen.storyboard */,
			);
			path = Launch;
			sourceTree = "<group>";
		};
		E59B08F92B42925200280FC4 /* Components */ = {
			isa = PBXGroup;
			children = (
				E57FD7BB2B3DB1E500696968 /* ExerciseRepetitionSliderViewComponent.swift */,
				E57FD7BE2B3DB1E500696968 /* ExerciseRestIntervalSliderViewComponent.swift */,
				E57FD7BC2B3DB1E500696968 /* ExerciseSelectorViewComponent.swift */,
				E57FD7BD2B3DB1E500696968 /* ExerciseSetsSliderViewComponent.swift */,
				E509EA1F2B3ECB140025E76C /* ExerciseTagPickerViewComponent.swift */,
				E59B08FC2B4292A900280FC4 /* ExerciseWeightViewComponent.swift */,
			);
			path = Components;
			sourceTree = "<group>";
		};
/* End PBXGroup section */

/* Begin PBXNativeTarget section */
		E507EC2B2B5CE74D009F7094 /* TightWatch Watch App */ = {
			isa = PBXNativeTarget;
			buildConfigurationList = E507EC572B5CE74F009F7094 /* Build configuration list for PBXNativeTarget "TightWatch Watch App" */;
			buildPhases = (
				E507EC282B5CE74D009F7094 /* Sources */,
				E507EC292B5CE74D009F7094 /* Frameworks */,
				E507EC2A2B5CE74D009F7094 /* Resources */,
			);
			buildRules = (
			);
			dependencies = (
			);
			name = "TightWatch Watch App";
			packageProductDependencies = (
			);
			productName = "TightWatch Watch App";
			productReference = E507EC2C2B5CE74D009F7094 /* Tight.app */;
			productType = "com.apple.product-type.application";
		};
		E507EC3A2B5CE74F009F7094 /* TightWatch Watch AppTests */ = {
			isa = PBXNativeTarget;
			buildConfigurationList = E507EC582B5CE74F009F7094 /* Build configuration list for PBXNativeTarget "TightWatch Watch AppTests" */;
			buildPhases = (
				E507EC372B5CE74F009F7094 /* Sources */,
				E507EC382B5CE74F009F7094 /* Frameworks */,
				E507EC392B5CE74F009F7094 /* Resources */,
			);
			buildRules = (
			);
			dependencies = (
				E507EC3D2B5CE74F009F7094 /* PBXTargetDependency */,
			);
			name = "TightWatch Watch AppTests";
			productName = "TightWatch Watch AppTests";
			productReference = E507EC3B2B5CE74F009F7094 /* TightWatch Watch AppTests.xctest */;
			productType = "com.apple.product-type.bundle.unit-test";
		};
		E507EC442B5CE74F009F7094 /* TightWatch Watch AppUITests */ = {
			isa = PBXNativeTarget;
			buildConfigurationList = E507EC592B5CE74F009F7094 /* Build configuration list for PBXNativeTarget "TightWatch Watch AppUITests" */;
			buildPhases = (
				E507EC412B5CE74F009F7094 /* Sources */,
				E507EC422B5CE74F009F7094 /* Frameworks */,
				E507EC432B5CE74F009F7094 /* Resources */,
			);
			buildRules = (
			);
			dependencies = (
				E507EC472B5CE74F009F7094 /* PBXTargetDependency */,
			);
			name = "TightWatch Watch AppUITests";
			productName = "TightWatch Watch AppUITests";
			productReference = E507EC452B5CE74F009F7094 /* TightWatch Watch AppUITests.xctest */;
			productType = "com.apple.product-type.bundle.ui-testing";
		};
		E554FB902B4837FA007AB30F /* TrainingSessionExtension */ = {
			isa = PBXNativeTarget;
			buildConfigurationList = E554FBA82B4837FC007AB30F /* Build configuration list for PBXNativeTarget "TrainingSessionExtension" */;
			buildPhases = (
				E554FB8D2B4837FA007AB30F /* Sources */,
				E554FB8E2B4837FA007AB30F /* Frameworks */,
				E554FB8F2B4837FA007AB30F /* Resources */,
			);
			buildRules = (
			);
			dependencies = (
			);
			name = TrainingSessionExtension;
			packageProductDependencies = (
			);
			productName = TrainingSessionExtension;
			productReference = E554FB912B4837FA007AB30F /* TrainingSessionExtension.appex */;
			productType = "com.apple.product-type.app-extension";
		};
		E562D6F62B3DA34E000775B7 /* Tight */ = {
			isa = PBXNativeTarget;
			buildConfigurationList = E562D71D2B3DA34F000775B7 /* Build configuration list for PBXNativeTarget "Tight" */;
			buildPhases = (
				E562D6F32B3DA34E000775B7 /* Sources */,
				E562D6F42B3DA34E000775B7 /* Frameworks */,
				E562D6F52B3DA34E000775B7 /* Resources */,
				E554FBA52B4837FC007AB30F /* Embed Foundation Extensions */,
				E507EC502B5CE74F009F7094 /* Embed Watch Content */,
				E509EA212B3EF10E0025E76C /* Firebase */,
			);
			buildRules = (
			);
			dependencies = (
				E554FBA32B4837FB007AB30F /* PBXTargetDependency */,
				E507EC4E2B5CE74F009F7094 /* PBXTargetDependency */,
			);
			name = Tight;
			packageProductDependencies = (
				E57FD75C2B3DA3E400696968 /* GrowthBook-IOS */,
				E57FD7622B3DAD3900696968 /* FirebaseAnalytics */,
				C93E940F2B6CF2C100693DF8 /* FirebaseCrashlytics */,
			);
			productName = Tight;
			productReference = E562D6F72B3DA34E000775B7 /* Tight.app */;
			productType = "com.apple.product-type.application";
		};
		E562D7082B3DA34F000775B7 /* TightTests */ = {
			isa = PBXNativeTarget;
			buildConfigurationList = E562D7202B3DA34F000775B7 /* Build configuration list for PBXNativeTarget "TightTests" */;
			buildPhases = (
				E562D7052B3DA34F000775B7 /* Sources */,
				E562D7062B3DA34F000775B7 /* Frameworks */,
				E562D7072B3DA34F000775B7 /* Resources */,
			);
			buildRules = (
			);
			dependencies = (
				E562D70B2B3DA34F000775B7 /* PBXTargetDependency */,
			);
			name = TightTests;
			productName = TightTests;
			productReference = E562D7092B3DA34F000775B7 /* TightTests.xctest */;
			productType = "com.apple.product-type.bundle.unit-test";
		};
		E562D7122B3DA34F000775B7 /* TightUITests */ = {
			isa = PBXNativeTarget;
			buildConfigurationList = E562D7232B3DA34F000775B7 /* Build configuration list for PBXNativeTarget "TightUITests" */;
			buildPhases = (
				E562D70F2B3DA34F000775B7 /* Sources */,
				E562D7102B3DA34F000775B7 /* Frameworks */,
				E562D7112B3DA34F000775B7 /* Resources */,
			);
			buildRules = (
			);
			dependencies = (
				E562D7152B3DA34F000775B7 /* PBXTargetDependency */,
			);
			name = TightUITests;
			productName = TightUITests;
			productReference = E562D7132B3DA34F000775B7 /* TightUITests.xctest */;
			productType = "com.apple.product-type.bundle.ui-testing";
		};
/* End PBXNativeTarget section */

/* Begin PBXProject section */
		E562D6EF2B3DA34E000775B7 /* Project object */ = {
			isa = PBXProject;
			attributes = {
				BuildIndependentTargetsInParallel = 1;
				LastSwiftUpdateCheck = 1520;
				LastUpgradeCheck = 1520;
				TargetAttributes = {
					E507EC2B2B5CE74D009F7094 = {
						CreatedOnToolsVersion = 15.2;
					};
					E507EC3A2B5CE74F009F7094 = {
						CreatedOnToolsVersion = 15.2;
						TestTargetID = E507EC2B2B5CE74D009F7094;
					};
					E507EC442B5CE74F009F7094 = {
						CreatedOnToolsVersion = 15.2;
						TestTargetID = E507EC2B2B5CE74D009F7094;
					};
					E554FB902B4837FA007AB30F = {
						CreatedOnToolsVersion = 15.1;
					};
					E562D6F62B3DA34E000775B7 = {
						CreatedOnToolsVersion = 15.1;
					};
					E562D7082B3DA34F000775B7 = {
						CreatedOnToolsVersion = 15.1;
						TestTargetID = E562D6F62B3DA34E000775B7;
					};
					E562D7122B3DA34F000775B7 = {
						CreatedOnToolsVersion = 15.1;
						TestTargetID = E562D6F62B3DA34E000775B7;
					};
				};
			};
			buildConfigurationList = E562D6F22B3DA34E000775B7 /* Build configuration list for PBXProject "Tight" */;
			compatibilityVersion = "Xcode 14.0";
			developmentRegion = en;
			hasScannedForEncodings = 0;
			knownRegions = (
				en,
				Base,
				"zh-Hant",
			);
			mainGroup = E562D6EE2B3DA34E000775B7;
			packageReferences = (
				E57FD75B2B3DA3E400696968 /* XCRemoteSwiftPackageReference "growthbook-swift" */,
				E57FD75E2B3DAC5B00696968 /* XCRemoteSwiftPackageReference "firebase-ios-sdk" */,
			);
			productRefGroup = E562D6F82B3DA34E000775B7 /* Products */;
			projectDirPath = "";
			projectRoot = "";
			targets = (
				E562D6F62B3DA34E000775B7 /* Tight */,
				E562D7082B3DA34F000775B7 /* TightTests */,
				E562D7122B3DA34F000775B7 /* TightUITests */,
				E554FB902B4837FA007AB30F /* TrainingSessionExtension */,
				E507EC2B2B5CE74D009F7094 /* TightWatch Watch App */,
				E507EC3A2B5CE74F009F7094 /* TightWatch Watch AppTests */,
				E507EC442B5CE74F009F7094 /* TightWatch Watch AppUITests */,
			);
		};
/* End PBXProject section */

/* Begin PBXResourcesBuildPhase section */
		E507EC2A2B5CE74D009F7094 /* Resources */ = {
			isa = PBXResourcesBuildPhase;
			buildActionMask = 2147483647;
			files = (
				E507EC362B5CE74F009F7094 /* Preview Assets.xcassets in Resources */,
				E53935202B5CF16D00A8DD8C /* Assets.xcassets in Resources */,
				E5986BCF2B5EC347003FAFC3 /* Localizable.xcstrings in Resources */,
				E507EC332B5CE74F009F7094 /* Assets.xcassets in Resources */,
			);
			runOnlyForDeploymentPostprocessing = 0;
		};
		E507EC392B5CE74F009F7094 /* Resources */ = {
			isa = PBXResourcesBuildPhase;
			buildActionMask = 2147483647;
			files = (
			);
			runOnlyForDeploymentPostprocessing = 0;
		};
		E507EC432B5CE74F009F7094 /* Resources */ = {
			isa = PBXResourcesBuildPhase;
			buildActionMask = 2147483647;
			files = (
			);
			runOnlyForDeploymentPostprocessing = 0;
		};
		E554FB8F2B4837FA007AB30F /* Resources */ = {
			isa = PBXResourcesBuildPhase;
			buildActionMask = 2147483647;
			files = (
				E54420F92B4AD8EF002C63BC /* Localizable.xcstrings in Resources */,
				E504A44D2B6BD72F00AD3CEA /* Assets.xcassets in Resources */,
				E554FBA02B4837FB007AB30F /* Assets.xcassets in Resources */,
			);
			runOnlyForDeploymentPostprocessing = 0;
		};
		E562D6F52B3DA34E000775B7 /* Resources */ = {
			isa = PBXResourcesBuildPhase;
			buildActionMask = 2147483647;
			files = (
				E562D7042B3DA34F000775B7 /* Preview Assets.xcassets in Resources */,
				E5B700BF2B400B740080442D /* Localizable.xcstrings in Resources */,
				E57FD7CE2B3DD47600696968 /* GoogleService-Info.plist in Resources */,
				E55F131A2B6A92250044FA65 /* notificationSound.caf in Resources */,
				E57FD7CC2B3DC6BE00696968 /* LaunchScreen.storyboard in Resources */,
				E562D7012B3DA34F000775B7 /* Assets.xcassets in Resources */,
			);
			runOnlyForDeploymentPostprocessing = 0;
		};
		E562D7072B3DA34F000775B7 /* Resources */ = {
			isa = PBXResourcesBuildPhase;
			buildActionMask = 2147483647;
			files = (
			);
			runOnlyForDeploymentPostprocessing = 0;
		};
		E562D7112B3DA34F000775B7 /* Resources */ = {
			isa = PBXResourcesBuildPhase;
			buildActionMask = 2147483647;
			files = (
			);
			runOnlyForDeploymentPostprocessing = 0;
		};
/* End PBXResourcesBuildPhase section */

/* Begin PBXShellScriptBuildPhase section */
		E509EA212B3EF10E0025E76C /* Firebase */ = {
			isa = PBXShellScriptBuildPhase;
			alwaysOutOfDate = 1;
			buildActionMask = 2147483647;
			files = (
			);
			inputFileListPaths = (
			);
			inputPaths = (
				"${DWARF_DSYM_FOLDER_PATH}/${DWARF_DSYM_FILE_NAME}",
				"${DWARF_DSYM_FOLDER_PATH}/${DWARF_DSYM_FILE_NAME}/Contents/Resources/DWARF/${PRODUCT_NAME}",
				"${DWARF_DSYM_FOLDER_PATH}/${DWARF_DSYM_FILE_NAME}/Contents/Info.plist",
				"$(TARGET_BUILD_DIR)/$(UNLOCALIZED_RESOURCES_FOLDER_PATH)/GoogleService-Info.plist",
				"$(TARGET_BUILD_DIR)/$(EXECUTABLE_PATH)",
			);
			name = Firebase;
			outputFileListPaths = (
			);
			outputPaths = (
			);
			runOnlyForDeploymentPostprocessing = 0;
			shellPath = /bin/sh;
			shellScript = "# Type a script or drag a script file from your workspace to insert its path.\n\"${BUILD_DIR%/Build/*}/SourcePackages/checkouts/firebase-ios-sdk/Crashlytics/run\"\n";
		};
/* End PBXShellScriptBuildPhase section */

/* Begin PBXSourcesBuildPhase section */
		E507EC282B5CE74D009F7094 /* Sources */ = {
			isa = PBXSourcesBuildPhase;
			buildActionMask = 2147483647;
			files = (
				E5B4B7D72B5E99F600A411E1 /* TrainingSessionState.swift in Sources */,
				E55094462B60114A00C2C1EA /* WeightUnit.swift in Sources */,
				E507EC312B5CE74D009F7094 /* ContentView.swift in Sources */,
				E507EC2F2B5CE74D009F7094 /* TightWatchApp.swift in Sources */,
				E539351E2B5CF13500A8DD8C /* LocalizationProvider.swift in Sources */,
				C9C1F33C2B6B750600141ECC /* Exercise.swift in Sources */,
				C9C1F33B2B6B74EF00141ECC /* TightSchemaV1.swift in Sources */,
				C9C1F3422B6CB7C900141ECC /* Logger.swift in Sources */,
				E539351F2B5CF13E00A8DD8C /* Color+Extension.swift in Sources */,
				E57A88992B5D5EBB0040FCF5 /* ContentViewModel.swift in Sources */,
				E5BE1B492B69328300FDAD43 /* TrainingSessionAttributes.swift in Sources */,
			);
			runOnlyForDeploymentPostprocessing = 0;
		};
		E507EC372B5CE74F009F7094 /* Sources */ = {
			isa = PBXSourcesBuildPhase;
			buildActionMask = 2147483647;
			files = (
				E507EC402B5CE74F009F7094 /* TightWatch_Watch_AppTests.swift in Sources */,
			);
			runOnlyForDeploymentPostprocessing = 0;
		};
		E507EC412B5CE74F009F7094 /* Sources */ = {
			isa = PBXSourcesBuildPhase;
			buildActionMask = 2147483647;
			files = (
				E507EC4A2B5CE74F009F7094 /* TightWatch_Watch_AppUITests.swift in Sources */,
				E507EC4C2B5CE74F009F7094 /* TightWatch_Watch_AppUITestsLaunchTests.swift in Sources */,
			);
			runOnlyForDeploymentPostprocessing = 0;
		};
		E554FB8D2B4837FA007AB30F /* Sources */ = {
			isa = PBXSourcesBuildPhase;
			buildActionMask = 2147483647;
			files = (
				E5A2F3302B4950C300735FC2 /* LiveActivityAttributes.swift in Sources */,
				E5A2F3332B496ED100735FC2 /* Color+Extension.swift in Sources */,
				E54420F82B4AD38F002C63BC /* LocalizationProvider.swift in Sources */,
				E554FB982B4837FA007AB30F /* TrainingSessionBundle.swift in Sources */,
				E5C1C6B72B4A5A780081B3EF /* Exercise.swift in Sources */,
				E5B4B7D92B5E9ABA00A411E1 /* TrainingSessionState.swift in Sources */,
				E554FB9A2B4837FA007AB30F /* TrainingSessionLiveActivity.swift in Sources */,
				E55094452B60114A00C2C1EA /* WeightUnit.swift in Sources */,
				E504A44F2B6BDAF000AD3CEA /* TraningSessionLiveActivityIntents.swift in Sources */,
				E553B9D02B52C47400BA0C61 /* Logger.swift in Sources */,
				E5C1C6B22B4A59570081B3EF /* TightSchemaV1.swift in Sources */,
				E5A2F3322B495DEB00735FC2 /* TimeInterval+Extension.swift in Sources */,
				E553B9CF2B52BCED00BA0C61 /* Constants.swift in Sources */,
			);
			runOnlyForDeploymentPostprocessing = 0;
		};
		E562D6F32B3DA34E000775B7 /* Sources */ = {
			isa = PBXSourcesBuildPhase;
			buildActionMask = 2147483647;
			files = (
				E57FD7C32B3DB1E500696968 /* ExerciseRestIntervalSliderViewComponent.swift in Sources */,
				C9C1F3362B6B624500141ECC /* TrainingSessionManager+TraningLog.swift in Sources */,
				E57FD7902B3DB04400696968 /* NotificationManager.swift in Sources */,
				E553B9D42B53BEF600BA0C61 /* AnalyticsHelper.swift in Sources */,
				E57FD7A32B3DB13F00696968 /* Color+Extension.swift in Sources */,
				E512DEA12B6BE66800A6DFC7 /* LiveActivityAttributes.swift in Sources */,
				E57FD7AF2B3DB18C00696968 /* PlanManagementView.swift in Sources */,
				E57FD7682B3DADCC00696968 /* Logger.swift in Sources */,
				E53935232B5D4E7700A8DD8C /* WatchSessionDelegate.swift in Sources */,
				E57FD7942B3DB0BE00696968 /* ArrangedExerciseCard.swift in Sources */,
				E57FD7962B3DB0BE00696968 /* PivotMainViewModel.swift in Sources */,
				E509EA202B3ECB140025E76C /* ExerciseTagPickerViewComponent.swift in Sources */,
				E57FD7A22B3DB13F00696968 /* Date+Extension.swift in Sources */,
				E5E811272B67EB8D005DB9A7 /* TrainingSessionManager+LiveActivity.swift in Sources */,
				E57FD78A2B3DAFEB00696968 /* OnboardingView.swift in Sources */,
				E57FD7952B3DB0BE00696968 /* PivotMainView.swift in Sources */,
				E55094442B60114A00C2C1EA /* WeightUnit.swift in Sources */,
				E59B08F82B41495000280FC4 /* Constants.swift in Sources */,
				E57FD7702B3DAE0400696968 /* OffsetKey.swift in Sources */,
				E57FD7C62B3DB25200696968 /* UserPreference.swift in Sources */,
				E5B4B7D62B5E99F600A411E1 /* TrainingSessionState.swift in Sources */,
				E57FD7AE2B3DB18C00696968 /* TagTextfieldView.swift in Sources */,
				E57FD7B92B3DB1DD00696968 /* EditArrangedExerciseView.swift in Sources */,
				E5578C6C2B4E8FB4004947F2 /* TrainingSessionCollapsedView.swift in Sources */,
				E55B09612B6DE7EF006A174A /* TrainingSessionExtendedView.swift in Sources */,
				E57FD7B02B3DB18C00696968 /* PreferenceView.swift in Sources */,
				E57FD78E2B3DB00900696968 /* AppTabBarView.swift in Sources */,
				E57FD7892B3DAFEB00696968 /* OnboardingViewModel.swift in Sources */,
				E57FD7772B3DAE3B00696968 /* ExperiementsProvider.swift in Sources */,
				E57FD7712B3DAE0400696968 /* Error.swift in Sources */,
				E5E811242B67EB24005DB9A7 /* TraningSessionManager+Notification.swift in Sources */,
				E5C1C6B82B4A5F3F0081B3EF /* TrainingSessionLiveActivity.swift in Sources */,
				E553B9D62B53ED2600BA0C61 /* TrainingSessionDailyReportView.swift in Sources */,
				E57FD7AD2B3DB18C00696968 /* TagLayout.swift in Sources */,
				C93E94132B70D6C100693DF8 /* InsightHomeView.swift in Sources */,
				E59B08FD2B4292A900280FC4 /* ExerciseWeightViewComponent.swift in Sources */,
				E5E8111E2B67E293005DB9A7 /* TrainingSessionAttributes.swift in Sources */,
				E562D6FB2B3DA34E000775B7 /* TightApp.swift in Sources */,
				E57FD7BA2B3DB1DD00696968 /* CreateArrangedExerciseView.swift in Sources */,
				E59B08FF2B4594C000280FC4 /* TrainingSessionManager.swift in Sources */,
				E509EA1C2B3EA53A0025E76C /* TightSchemaV1.swift in Sources */,
				E57FD7C22B3DB1E500696968 /* ExerciseSetsSliderViewComponent.swift in Sources */,
				E57FD7852B3DAF7D00696968 /* Exercise.swift in Sources */,
				E57FD7982B3DB0ED00696968 /* TabBarItemType.swift in Sources */,
				C93E94192B70DFAD00693DF8 /* InsightChartCardView.swift in Sources */,
				E57FD7C42B3DB1E500696968 /* ExercisePickerView.swift in Sources */,
				E504A4502B6BDB2A00AD3CEA /* TraningSessionLiveActivityIntents.swift in Sources */,
				E57FD7C02B3DB1E500696968 /* ExerciseRepetitionSliderViewComponent.swift in Sources */,
				E57FD7732B3DAE0400696968 /* MockLocations.swift in Sources */,
				C93E94172B70DCFC00693DF8 /* PersistentStoreManager.swift in Sources */,
				E57FD7B22B3DB18C00696968 /* EditPlanPresetView.swift in Sources */,
				E57FD7B42B3DB18C00696968 /* EditPlanView.swift in Sources */,
				E57FD7C12B3DB1E500696968 /* ExerciseSelectorViewComponent.swift in Sources */,
				E57FD7A02B3DB13F00696968 /* View+Extension.swift in Sources */,
				E57FD7B32B3DB18C00696968 /* CreatePlanView.swift in Sources */,
				E5E811202B67E698005DB9A7 /* TTWCSession.swift in Sources */,
				E57FD7752B3DAE0400696968 /* PreviewContainer.swift in Sources */,
				E5B700C12B40105E0080442D /* LocalizationProvider.swift in Sources */,
				C9C1F3392B6B626B00141ECC /* TrainingSessionManager+RestTime.swift in Sources */,
				C9C1F33E2B6B76F700141ECC /* TrainingSessionContent.swift in Sources */,
				E57FD7722B3DAE0400696968 /* Mocks.swift in Sources */,
				C93E94152B70D88900693DF8 /* InsightManager.swift in Sources */,
				E57FD7B12B3DB18C00696968 /* PlanCard.swift in Sources */,
				E5345B8F2B694BF300852E2F /* TrainingSessionManager+Watch.swift in Sources */,
				E57FD79F2B3DB13F00696968 /* TimeInterval+Extension.swift in Sources */,
			);
			runOnlyForDeploymentPostprocessing = 0;
		};
		E562D7052B3DA34F000775B7 /* Sources */ = {
			isa = PBXSourcesBuildPhase;
			buildActionMask = 2147483647;
			files = (
				E562D70E2B3DA34F000775B7 /* TightTests.swift in Sources */,
				E553B9D22B5395D900BA0C61 /* Date+ExtensionTests.swift in Sources */,
			);
			runOnlyForDeploymentPostprocessing = 0;
		};
		E562D70F2B3DA34F000775B7 /* Sources */ = {
			isa = PBXSourcesBuildPhase;
			buildActionMask = 2147483647;
			files = (
				E562D7182B3DA34F000775B7 /* TightUITests.swift in Sources */,
				E562D71A2B3DA34F000775B7 /* TightUITestsLaunchTests.swift in Sources */,
			);
			runOnlyForDeploymentPostprocessing = 0;
		};
/* End PBXSourcesBuildPhase section */

/* Begin PBXTargetDependency section */
		E507EC3D2B5CE74F009F7094 /* PBXTargetDependency */ = {
			isa = PBXTargetDependency;
			target = E507EC2B2B5CE74D009F7094 /* TightWatch Watch App */;
			targetProxy = E507EC3C2B5CE74F009F7094 /* PBXContainerItemProxy */;
		};
		E507EC472B5CE74F009F7094 /* PBXTargetDependency */ = {
			isa = PBXTargetDependency;
			target = E507EC2B2B5CE74D009F7094 /* TightWatch Watch App */;
			targetProxy = E507EC462B5CE74F009F7094 /* PBXContainerItemProxy */;
		};
		E507EC4E2B5CE74F009F7094 /* PBXTargetDependency */ = {
			isa = PBXTargetDependency;
			target = E507EC2B2B5CE74D009F7094 /* TightWatch Watch App */;
			targetProxy = E507EC4D2B5CE74F009F7094 /* PBXContainerItemProxy */;
		};
		E554FBA32B4837FB007AB30F /* PBXTargetDependency */ = {
			isa = PBXTargetDependency;
			target = E554FB902B4837FA007AB30F /* TrainingSessionExtension */;
			targetProxy = E554FBA22B4837FB007AB30F /* PBXContainerItemProxy */;
		};
		E562D70B2B3DA34F000775B7 /* PBXTargetDependency */ = {
			isa = PBXTargetDependency;
			target = E562D6F62B3DA34E000775B7 /* Tight */;
			targetProxy = E562D70A2B3DA34F000775B7 /* PBXContainerItemProxy */;
		};
		E562D7152B3DA34F000775B7 /* PBXTargetDependency */ = {
			isa = PBXTargetDependency;
			target = E562D6F62B3DA34E000775B7 /* Tight */;
			targetProxy = E562D7142B3DA34F000775B7 /* PBXContainerItemProxy */;
		};
/* End PBXTargetDependency section */

/* Begin XCBuildConfiguration section */
		E507EC512B5CE74F009F7094 /* Debug */ = {
			isa = XCBuildConfiguration;
			buildSettings = {
				ASSETCATALOG_COMPILER_APPICON_NAME = AppIcon;
				ASSETCATALOG_COMPILER_GLOBAL_ACCENT_COLOR_NAME = AccentColor;
				CODE_SIGN_ENTITLEMENTS = "TightWatch Watch App/TightWatch Watch App.entitlements";
				CODE_SIGN_STYLE = Automatic;
				CURRENT_PROJECT_VERSION = 20240210220922;
				DEVELOPMENT_ASSET_PATHS = "\"TightWatch Watch App/Preview Content\"";
				DEVELOPMENT_TEAM = RQ845TWDMJ;
				ENABLE_PREVIEWS = YES;
				GENERATE_INFOPLIST_FILE = YES;
				INFOPLIST_FILE = "TightWatch-Watch-App-Info.plist";
				INFOPLIST_KEY_LSApplicationCategoryType = "";
				INFOPLIST_KEY_NSHealthShareUsageDescription = "We need access to your health data to provide you with personalized health insights and services.";
				INFOPLIST_KEY_NSHealthUpdateUsageDescription = "We need permission to update your health data to track your progress and improve your health outcomes.";
				INFOPLIST_KEY_UISupportedInterfaceOrientations = "UIInterfaceOrientationPortrait UIInterfaceOrientationPortraitUpsideDown";
				INFOPLIST_KEY_WKCompanionAppBundleIdentifier = com.tightlab.Tight;
				LD_RUNPATH_SEARCH_PATHS = (
					"$(inherited)",
					"@executable_path/Frameworks",
				);
				MARKETING_VERSION = 1.6.0;
				PRODUCT_BUNDLE_IDENTIFIER = com.tightlab.Tight.watchkitapp;
				PRODUCT_NAME = Tight;
				SDKROOT = watchos;
				SKIP_INSTALL = YES;
				SWIFT_EMIT_LOC_STRINGS = YES;
				SWIFT_VERSION = 5.0;
				TARGETED_DEVICE_FAMILY = 4;
				WATCHOS_DEPLOYMENT_TARGET = 10.0;
			};
			name = Debug;
		};
		E507EC522B5CE74F009F7094 /* Release */ = {
			isa = XCBuildConfiguration;
			buildSettings = {
				ASSETCATALOG_COMPILER_APPICON_NAME = AppIcon;
				ASSETCATALOG_COMPILER_GLOBAL_ACCENT_COLOR_NAME = AccentColor;
				CODE_SIGN_ENTITLEMENTS = "TightWatch Watch App/TightWatch Watch App.entitlements";
				CODE_SIGN_STYLE = Automatic;
				CURRENT_PROJECT_VERSION = 20240210220922;
				DEVELOPMENT_ASSET_PATHS = "\"TightWatch Watch App/Preview Content\"";
				DEVELOPMENT_TEAM = RQ845TWDMJ;
				ENABLE_PREVIEWS = YES;
				GENERATE_INFOPLIST_FILE = YES;
				INFOPLIST_FILE = "TightWatch-Watch-App-Info.plist";
				INFOPLIST_KEY_LSApplicationCategoryType = "";
				INFOPLIST_KEY_NSHealthShareUsageDescription = "We need access to your health data to provide you with personalized health insights and services.";
				INFOPLIST_KEY_NSHealthUpdateUsageDescription = "We need permission to update your health data to track your progress and improve your health outcomes.";
				INFOPLIST_KEY_UISupportedInterfaceOrientations = "UIInterfaceOrientationPortrait UIInterfaceOrientationPortraitUpsideDown";
				INFOPLIST_KEY_WKCompanionAppBundleIdentifier = com.tightlab.Tight;
				LD_RUNPATH_SEARCH_PATHS = (
					"$(inherited)",
					"@executable_path/Frameworks",
				);
				MARKETING_VERSION = 1.6.0;
				PRODUCT_BUNDLE_IDENTIFIER = com.tightlab.Tight.watchkitapp;
				PRODUCT_NAME = Tight;
				SDKROOT = watchos;
				SKIP_INSTALL = YES;
				SWIFT_EMIT_LOC_STRINGS = YES;
				SWIFT_VERSION = 5.0;
				TARGETED_DEVICE_FAMILY = 4;
				WATCHOS_DEPLOYMENT_TARGET = 10.0;
			};
			name = Release;
		};
		E507EC532B5CE74F009F7094 /* Debug */ = {
			isa = XCBuildConfiguration;
			buildSettings = {
				ALWAYS_EMBED_SWIFT_STANDARD_LIBRARIES = YES;
				BUNDLE_LOADER = "$(TEST_HOST)";
				CODE_SIGN_STYLE = Automatic;
				CURRENT_PROJECT_VERSION = 20240210220922;
				DEVELOPMENT_TEAM = RQ845TWDMJ;
				GENERATE_INFOPLIST_FILE = YES;
				MARKETING_VERSION = 1.0;
				PRODUCT_BUNDLE_IDENTIFIER = "com.tightlab.TightWatch-Watch-AppTests";
				PRODUCT_NAME = "$(TARGET_NAME)";
				SDKROOT = watchos;
				SWIFT_EMIT_LOC_STRINGS = NO;
				SWIFT_VERSION = 5.0;
				TARGETED_DEVICE_FAMILY = 4;
				TEST_HOST = "$(BUILT_PRODUCTS_DIR)/TightWatch Watch App.app/$(BUNDLE_EXECUTABLE_FOLDER_PATH)/TightWatch Watch App";
				WATCHOS_DEPLOYMENT_TARGET = 10.2;
			};
			name = Debug;
		};
		E507EC542B5CE74F009F7094 /* Release */ = {
			isa = XCBuildConfiguration;
			buildSettings = {
				ALWAYS_EMBED_SWIFT_STANDARD_LIBRARIES = YES;
				BUNDLE_LOADER = "$(TEST_HOST)";
				CODE_SIGN_STYLE = Automatic;
				CURRENT_PROJECT_VERSION = 20240210220922;
				DEVELOPMENT_TEAM = RQ845TWDMJ;
				GENERATE_INFOPLIST_FILE = YES;
				MARKETING_VERSION = 1.0;
				PRODUCT_BUNDLE_IDENTIFIER = "com.tightlab.TightWatch-Watch-AppTests";
				PRODUCT_NAME = "$(TARGET_NAME)";
				SDKROOT = watchos;
				SWIFT_EMIT_LOC_STRINGS = NO;
				SWIFT_VERSION = 5.0;
				TARGETED_DEVICE_FAMILY = 4;
				TEST_HOST = "$(BUILT_PRODUCTS_DIR)/TightWatch Watch App.app/$(BUNDLE_EXECUTABLE_FOLDER_PATH)/TightWatch Watch App";
				WATCHOS_DEPLOYMENT_TARGET = 10.2;
			};
			name = Release;
		};
		E507EC552B5CE74F009F7094 /* Debug */ = {
			isa = XCBuildConfiguration;
			buildSettings = {
				ALWAYS_EMBED_SWIFT_STANDARD_LIBRARIES = YES;
				CODE_SIGN_STYLE = Automatic;
				CURRENT_PROJECT_VERSION = 20240210220922;
				DEVELOPMENT_TEAM = RQ845TWDMJ;
				GENERATE_INFOPLIST_FILE = YES;
				MARKETING_VERSION = 1.0;
				PRODUCT_BUNDLE_IDENTIFIER = "com.tightlab.TightWatch-Watch-AppUITests";
				PRODUCT_NAME = "$(TARGET_NAME)";
				SDKROOT = watchos;
				SWIFT_EMIT_LOC_STRINGS = NO;
				SWIFT_VERSION = 5.0;
				TARGETED_DEVICE_FAMILY = 4;
				TEST_TARGET_NAME = "TightWatch Watch App";
				WATCHOS_DEPLOYMENT_TARGET = 10.2;
			};
			name = Debug;
		};
		E507EC562B5CE74F009F7094 /* Release */ = {
			isa = XCBuildConfiguration;
			buildSettings = {
				ALWAYS_EMBED_SWIFT_STANDARD_LIBRARIES = YES;
				CODE_SIGN_STYLE = Automatic;
				CURRENT_PROJECT_VERSION = 20240210220922;
				DEVELOPMENT_TEAM = RQ845TWDMJ;
				GENERATE_INFOPLIST_FILE = YES;
				MARKETING_VERSION = 1.0;
				PRODUCT_BUNDLE_IDENTIFIER = "com.tightlab.TightWatch-Watch-AppUITests";
				PRODUCT_NAME = "$(TARGET_NAME)";
				SDKROOT = watchos;
				SWIFT_EMIT_LOC_STRINGS = NO;
				SWIFT_VERSION = 5.0;
				TARGETED_DEVICE_FAMILY = 4;
				TEST_TARGET_NAME = "TightWatch Watch App";
				WATCHOS_DEPLOYMENT_TARGET = 10.2;
			};
			name = Release;
		};
		E554FBA62B4837FC007AB30F /* Debug */ = {
			isa = XCBuildConfiguration;
			buildSettings = {
				ASSETCATALOG_COMPILER_GLOBAL_ACCENT_COLOR_NAME = AccentColor;
				ASSETCATALOG_COMPILER_WIDGET_BACKGROUND_COLOR_NAME = WidgetBackground;
				CODE_SIGN_ENTITLEMENTS = "";
				CODE_SIGN_IDENTITY = "Apple Development";
				CODE_SIGN_STYLE = Automatic;
				CURRENT_PROJECT_VERSION = 20240210220922;
				DEVELOPMENT_TEAM = RQ845TWDMJ;
				GENERATE_INFOPLIST_FILE = YES;
				INFOPLIST_FILE = TrainingSession/Info.plist;
				INFOPLIST_KEY_CFBundleDisplayName = TrainingSession;
				INFOPLIST_KEY_NSHumanReadableCopyright = "";
				LD_RUNPATH_SEARCH_PATHS = (
					"$(inherited)",
					"@executable_path/Frameworks",
					"@executable_path/../../Frameworks",
				);
				MARKETING_VERSION = 1.6.0;
				PRODUCT_BUNDLE_IDENTIFIER = com.tightlab.Tight.TrainingSession;
				PRODUCT_NAME = "$(TARGET_NAME)";
				PROVISIONING_PROFILE_SPECIFIER = "";
				SKIP_INSTALL = YES;
				SUPPORTED_PLATFORMS = "iphoneos iphonesimulator";
				SUPPORTS_MACCATALYST = NO;
				SUPPORTS_MAC_DESIGNED_FOR_IPHONE_IPAD = NO;
				SWIFT_EMIT_LOC_STRINGS = YES;
				SWIFT_VERSION = 5.0;
				TARGETED_DEVICE_FAMILY = 1;
			};
			name = Debug;
		};
		E554FBA72B4837FC007AB30F /* Release */ = {
			isa = XCBuildConfiguration;
			buildSettings = {
				ASSETCATALOG_COMPILER_GLOBAL_ACCENT_COLOR_NAME = AccentColor;
				ASSETCATALOG_COMPILER_WIDGET_BACKGROUND_COLOR_NAME = WidgetBackground;
				CODE_SIGN_ENTITLEMENTS = "";
				CODE_SIGN_IDENTITY = "Apple Development";
				CODE_SIGN_STYLE = Automatic;
				CURRENT_PROJECT_VERSION = 20240210220922;
				DEVELOPMENT_TEAM = RQ845TWDMJ;
				GENERATE_INFOPLIST_FILE = YES;
				INFOPLIST_FILE = TrainingSession/Info.plist;
				INFOPLIST_KEY_CFBundleDisplayName = TrainingSession;
				INFOPLIST_KEY_NSHumanReadableCopyright = "";
				LD_RUNPATH_SEARCH_PATHS = (
					"$(inherited)",
					"@executable_path/Frameworks",
					"@executable_path/../../Frameworks",
				);
				MARKETING_VERSION = 1.6.0;
				PRODUCT_BUNDLE_IDENTIFIER = com.tightlab.Tight.TrainingSession;
				PRODUCT_NAME = "$(TARGET_NAME)";
				PROVISIONING_PROFILE_SPECIFIER = "";
				SKIP_INSTALL = YES;
				SUPPORTED_PLATFORMS = "iphoneos iphonesimulator";
				SUPPORTS_MACCATALYST = NO;
				SUPPORTS_MAC_DESIGNED_FOR_IPHONE_IPAD = NO;
				SWIFT_EMIT_LOC_STRINGS = YES;
				SWIFT_VERSION = 5.0;
				TARGETED_DEVICE_FAMILY = 1;
			};
			name = Release;
		};
		E562D71B2B3DA34F000775B7 /* Debug */ = {
			isa = XCBuildConfiguration;
			buildSettings = {
				ALWAYS_SEARCH_USER_PATHS = NO;
				ASSETCATALOG_COMPILER_GENERATE_SWIFT_ASSET_SYMBOL_EXTENSIONS = YES;
				CLANG_ANALYZER_LOCALIZABILITY_NONLOCALIZED = YES;
				CLANG_ANALYZER_NONNULL = YES;
				CLANG_ANALYZER_NUMBER_OBJECT_CONVERSION = YES_AGGRESSIVE;
				CLANG_CXX_LANGUAGE_STANDARD = "gnu++20";
				CLANG_ENABLE_MODULES = YES;
				CLANG_ENABLE_OBJC_ARC = YES;
				CLANG_ENABLE_OBJC_WEAK = YES;
				CLANG_WARN_BLOCK_CAPTURE_AUTORELEASING = YES;
				CLANG_WARN_BOOL_CONVERSION = YES;
				CLANG_WARN_COMMA = YES;
				CLANG_WARN_CONSTANT_CONVERSION = YES;
				CLANG_WARN_DEPRECATED_OBJC_IMPLEMENTATIONS = YES;
				CLANG_WARN_DIRECT_OBJC_ISA_USAGE = YES_ERROR;
				CLANG_WARN_DOCUMENTATION_COMMENTS = YES;
				CLANG_WARN_EMPTY_BODY = YES;
				CLANG_WARN_ENUM_CONVERSION = YES;
				CLANG_WARN_INFINITE_RECURSION = YES;
				CLANG_WARN_INT_CONVERSION = YES;
				CLANG_WARN_NON_LITERAL_NULL_CONVERSION = YES;
				CLANG_WARN_OBJC_IMPLICIT_RETAIN_SELF = YES;
				CLANG_WARN_OBJC_LITERAL_CONVERSION = YES;
				CLANG_WARN_OBJC_ROOT_CLASS = YES_ERROR;
				CLANG_WARN_QUOTED_INCLUDE_IN_FRAMEWORK_HEADER = YES;
				CLANG_WARN_RANGE_LOOP_ANALYSIS = YES;
				CLANG_WARN_STRICT_PROTOTYPES = YES;
				CLANG_WARN_SUSPICIOUS_MOVE = YES;
				CLANG_WARN_UNGUARDED_AVAILABILITY = YES_AGGRESSIVE;
				CLANG_WARN_UNREACHABLE_CODE = YES;
				CLANG_WARN__DUPLICATE_METHOD_MATCH = YES;
				COPY_PHASE_STRIP = NO;
				DEBUG_INFORMATION_FORMAT = "dwarf-with-dsym";
				ENABLE_STRICT_OBJC_MSGSEND = YES;
				ENABLE_TESTABILITY = YES;
				ENABLE_USER_SCRIPT_SANDBOXING = YES;
				GCC_C_LANGUAGE_STANDARD = gnu17;
				GCC_DYNAMIC_NO_PIC = NO;
				GCC_NO_COMMON_BLOCKS = YES;
				GCC_OPTIMIZATION_LEVEL = 0;
				GCC_PREPROCESSOR_DEFINITIONS = (
					"DEBUG=1",
					"$(inherited)",
				);
				GCC_WARN_64_TO_32_BIT_CONVERSION = YES;
				GCC_WARN_ABOUT_RETURN_TYPE = YES_ERROR;
				GCC_WARN_UNDECLARED_SELECTOR = YES;
				GCC_WARN_UNINITIALIZED_AUTOS = YES_AGGRESSIVE;
				GCC_WARN_UNUSED_FUNCTION = YES;
				GCC_WARN_UNUSED_VARIABLE = YES;
				IPHONEOS_DEPLOYMENT_TARGET = 17.0;
				LOCALIZATION_PREFERS_STRING_CATALOGS = YES;
				MTL_ENABLE_DEBUG_INFO = INCLUDE_SOURCE;
				MTL_FAST_MATH = YES;
				ONLY_ACTIVE_ARCH = YES;
				OTHER_LDFLAGS = "-ObjC";
				SDKROOT = iphoneos;
				SWIFT_ACTIVE_COMPILATION_CONDITIONS = "DEBUG $(inherited)";
				SWIFT_OPTIMIZATION_LEVEL = "-Onone";
			};
			name = Debug;
		};
		E562D71C2B3DA34F000775B7 /* Release */ = {
			isa = XCBuildConfiguration;
			buildSettings = {
				ALWAYS_SEARCH_USER_PATHS = NO;
				ASSETCATALOG_COMPILER_GENERATE_SWIFT_ASSET_SYMBOL_EXTENSIONS = YES;
				CLANG_ANALYZER_LOCALIZABILITY_NONLOCALIZED = YES;
				CLANG_ANALYZER_NONNULL = YES;
				CLANG_ANALYZER_NUMBER_OBJECT_CONVERSION = YES_AGGRESSIVE;
				CLANG_CXX_LANGUAGE_STANDARD = "gnu++20";
				CLANG_ENABLE_MODULES = YES;
				CLANG_ENABLE_OBJC_ARC = YES;
				CLANG_ENABLE_OBJC_WEAK = YES;
				CLANG_WARN_BLOCK_CAPTURE_AUTORELEASING = YES;
				CLANG_WARN_BOOL_CONVERSION = YES;
				CLANG_WARN_COMMA = YES;
				CLANG_WARN_CONSTANT_CONVERSION = YES;
				CLANG_WARN_DEPRECATED_OBJC_IMPLEMENTATIONS = YES;
				CLANG_WARN_DIRECT_OBJC_ISA_USAGE = YES_ERROR;
				CLANG_WARN_DOCUMENTATION_COMMENTS = YES;
				CLANG_WARN_EMPTY_BODY = YES;
				CLANG_WARN_ENUM_CONVERSION = YES;
				CLANG_WARN_INFINITE_RECURSION = YES;
				CLANG_WARN_INT_CONVERSION = YES;
				CLANG_WARN_NON_LITERAL_NULL_CONVERSION = YES;
				CLANG_WARN_OBJC_IMPLICIT_RETAIN_SELF = YES;
				CLANG_WARN_OBJC_LITERAL_CONVERSION = YES;
				CLANG_WARN_OBJC_ROOT_CLASS = YES_ERROR;
				CLANG_WARN_QUOTED_INCLUDE_IN_FRAMEWORK_HEADER = YES;
				CLANG_WARN_RANGE_LOOP_ANALYSIS = YES;
				CLANG_WARN_STRICT_PROTOTYPES = YES;
				CLANG_WARN_SUSPICIOUS_MOVE = YES;
				CLANG_WARN_UNGUARDED_AVAILABILITY = YES_AGGRESSIVE;
				CLANG_WARN_UNREACHABLE_CODE = YES;
				CLANG_WARN__DUPLICATE_METHOD_MATCH = YES;
				COPY_PHASE_STRIP = NO;
				DEBUG_INFORMATION_FORMAT = "dwarf-with-dsym";
				ENABLE_NS_ASSERTIONS = NO;
				ENABLE_STRICT_OBJC_MSGSEND = YES;
				ENABLE_USER_SCRIPT_SANDBOXING = YES;
				GCC_C_LANGUAGE_STANDARD = gnu17;
				GCC_NO_COMMON_BLOCKS = YES;
				GCC_WARN_64_TO_32_BIT_CONVERSION = YES;
				GCC_WARN_ABOUT_RETURN_TYPE = YES_ERROR;
				GCC_WARN_UNDECLARED_SELECTOR = YES;
				GCC_WARN_UNINITIALIZED_AUTOS = YES_AGGRESSIVE;
				GCC_WARN_UNUSED_FUNCTION = YES;
				GCC_WARN_UNUSED_VARIABLE = YES;
				IPHONEOS_DEPLOYMENT_TARGET = 17.0;
				LOCALIZATION_PREFERS_STRING_CATALOGS = YES;
				MTL_ENABLE_DEBUG_INFO = NO;
				MTL_FAST_MATH = YES;
				OTHER_LDFLAGS = "-ObjC";
				SDKROOT = iphoneos;
				SWIFT_COMPILATION_MODE = wholemodule;
				VALIDATE_PRODUCT = YES;
			};
			name = Release;
		};
		E562D71E2B3DA34F000775B7 /* Debug */ = {
			isa = XCBuildConfiguration;
			buildSettings = {
				ALWAYS_EMBED_SWIFT_STANDARD_LIBRARIES = YES;
				ASSETCATALOG_COMPILER_APPICON_NAME = AppIcon;
				ASSETCATALOG_COMPILER_GLOBAL_ACCENT_COLOR_NAME = AccentColor;
				CODE_SIGN_ENTITLEMENTS = Tight/Tight.entitlements;
				CODE_SIGN_STYLE = Automatic;
				CURRENT_PROJECT_VERSION = 20240210220922;
				DEBUG_INFORMATION_FORMAT = "dwarf-with-dsym";
				DEVELOPMENT_ASSET_PATHS = "\"Tight/Preview Content\"";
				DEVELOPMENT_TEAM = RQ845TWDMJ;
				ENABLE_PREVIEWS = YES;
				GENERATE_INFOPLIST_FILE = YES;
				INFOPLIST_FILE = Tight/Info.plist;
				INFOPLIST_KEY_CFBundleDisplayName = Tight;
				INFOPLIST_KEY_LSApplicationCategoryType = "public.app-category.lifestyle";
				INFOPLIST_KEY_NSHealthShareUsageDescription = "We need access to your health data to provide you with personalized health insights and services.";
				INFOPLIST_KEY_NSHealthUpdateUsageDescription = "We need permission to update your health data to track your progress and improve your health outcomes.";
				INFOPLIST_KEY_NSSupportsLiveActivities = YES;
				INFOPLIST_KEY_UIApplicationSceneManifest_Generation = YES;
				INFOPLIST_KEY_UIApplicationSupportsIndirectInputEvents = YES;
				INFOPLIST_KEY_UILaunchScreen_Generation = YES;
				INFOPLIST_KEY_UILaunchStoryboardName = LaunchScreen.storyboard;
				INFOPLIST_KEY_UIStatusBarHidden = YES;
				INFOPLIST_KEY_UIStatusBarStyle = UIStatusBarStyleLightContent;
				INFOPLIST_KEY_UISupportedInterfaceOrientations = "UIInterfaceOrientationPortrait UIInterfaceOrientationPortraitUpsideDown";
				INFOPLIST_KEY_UISupportedInterfaceOrientations_iPad = UIInterfaceOrientationPortrait;
				IPHONEOS_DEPLOYMENT_TARGET = 17.0;
				LD_RUNPATH_SEARCH_PATHS = (
					"$(inherited)",
					"@executable_path/Frameworks",
				);
				MARKETING_VERSION = 1.6.0;
				OTHER_LDFLAGS = "-ObjC";
				PRODUCT_BUNDLE_IDENTIFIER = com.tightlab.Tight;
				PRODUCT_NAME = "$(TARGET_NAME)";
				SUPPORTED_PLATFORMS = "iphoneos iphonesimulator";
				SUPPORTS_MACCATALYST = NO;
				SUPPORTS_MAC_DESIGNED_FOR_IPHONE_IPAD = NO;
				SWIFT_EMIT_LOC_STRINGS = YES;
				SWIFT_VERSION = 5.0;
				TARGETED_DEVICE_FAMILY = 1;
			};
			name = Debug;
		};
		E562D71F2B3DA34F000775B7 /* Release */ = {
			isa = XCBuildConfiguration;
			buildSettings = {
				ALWAYS_EMBED_SWIFT_STANDARD_LIBRARIES = YES;
				ASSETCATALOG_COMPILER_APPICON_NAME = AppIcon;
				ASSETCATALOG_COMPILER_GLOBAL_ACCENT_COLOR_NAME = AccentColor;
				CODE_SIGN_ENTITLEMENTS = Tight/Tight.entitlements;
				CODE_SIGN_STYLE = Automatic;
				CURRENT_PROJECT_VERSION = 20240210220922;
				DEBUG_INFORMATION_FORMAT = "dwarf-with-dsym";
				DEVELOPMENT_ASSET_PATHS = "\"Tight/Preview Content\"";
				DEVELOPMENT_TEAM = RQ845TWDMJ;
				ENABLE_PREVIEWS = YES;
				GENERATE_INFOPLIST_FILE = YES;
				INFOPLIST_FILE = Tight/Info.plist;
				INFOPLIST_KEY_CFBundleDisplayName = Tight;
				INFOPLIST_KEY_LSApplicationCategoryType = "public.app-category.lifestyle";
				INFOPLIST_KEY_NSHealthShareUsageDescription = "We need access to your health data to provide you with personalized health insights and services.";
				INFOPLIST_KEY_NSHealthUpdateUsageDescription = "We need permission to update your health data to track your progress and improve your health outcomes.";
				INFOPLIST_KEY_NSSupportsLiveActivities = YES;
				INFOPLIST_KEY_UIApplicationSceneManifest_Generation = YES;
				INFOPLIST_KEY_UIApplicationSupportsIndirectInputEvents = YES;
				INFOPLIST_KEY_UILaunchScreen_Generation = YES;
				INFOPLIST_KEY_UILaunchStoryboardName = LaunchScreen.storyboard;
				INFOPLIST_KEY_UIStatusBarHidden = YES;
				INFOPLIST_KEY_UIStatusBarStyle = UIStatusBarStyleLightContent;
				INFOPLIST_KEY_UISupportedInterfaceOrientations = "UIInterfaceOrientationPortrait UIInterfaceOrientationPortraitUpsideDown";
				INFOPLIST_KEY_UISupportedInterfaceOrientations_iPad = UIInterfaceOrientationPortrait;
				IPHONEOS_DEPLOYMENT_TARGET = 17.0;
				LD_RUNPATH_SEARCH_PATHS = (
					"$(inherited)",
					"@executable_path/Frameworks",
				);
				MARKETING_VERSION = 1.6.0;
				OTHER_LDFLAGS = "-ObjC";
				PRODUCT_BUNDLE_IDENTIFIER = com.tightlab.Tight;
				PRODUCT_NAME = "$(TARGET_NAME)";
				SUPPORTED_PLATFORMS = "iphoneos iphonesimulator";
				SUPPORTS_MACCATALYST = NO;
				SUPPORTS_MAC_DESIGNED_FOR_IPHONE_IPAD = NO;
				SWIFT_EMIT_LOC_STRINGS = YES;
				SWIFT_VERSION = 5.0;
				TARGETED_DEVICE_FAMILY = 1;
			};
			name = Release;
		};
		E562D7212B3DA34F000775B7 /* Debug */ = {
			isa = XCBuildConfiguration;
			buildSettings = {
				ALWAYS_EMBED_SWIFT_STANDARD_LIBRARIES = YES;
				BUNDLE_LOADER = "$(TEST_HOST)";
				CODE_SIGN_STYLE = Automatic;
				CURRENT_PROJECT_VERSION = 20240210220922;
				DEVELOPMENT_TEAM = RQ845TWDMJ;
				GENERATE_INFOPLIST_FILE = YES;
				IPHONEOS_DEPLOYMENT_TARGET = 17.0;
				MARKETING_VERSION = 1.0;
				PRODUCT_BUNDLE_IDENTIFIER = com.tightlab.TightTests;
				PRODUCT_NAME = "$(TARGET_NAME)";
				SWIFT_EMIT_LOC_STRINGS = NO;
				SWIFT_VERSION = 5.0;
				TARGETED_DEVICE_FAMILY = "1,2";
				TEST_HOST = "$(BUILT_PRODUCTS_DIR)/Tight.app/$(BUNDLE_EXECUTABLE_FOLDER_PATH)/Tight";
			};
			name = Debug;
		};
		E562D7222B3DA34F000775B7 /* Release */ = {
			isa = XCBuildConfiguration;
			buildSettings = {
				ALWAYS_EMBED_SWIFT_STANDARD_LIBRARIES = YES;
				BUNDLE_LOADER = "$(TEST_HOST)";
				CODE_SIGN_STYLE = Automatic;
				CURRENT_PROJECT_VERSION = 20240210220922;
				DEVELOPMENT_TEAM = RQ845TWDMJ;
				GENERATE_INFOPLIST_FILE = YES;
				IPHONEOS_DEPLOYMENT_TARGET = 17.0;
				MARKETING_VERSION = 1.0;
				PRODUCT_BUNDLE_IDENTIFIER = com.tightlab.TightTests;
				PRODUCT_NAME = "$(TARGET_NAME)";
				SWIFT_EMIT_LOC_STRINGS = NO;
				SWIFT_VERSION = 5.0;
				TARGETED_DEVICE_FAMILY = "1,2";
				TEST_HOST = "$(BUILT_PRODUCTS_DIR)/Tight.app/$(BUNDLE_EXECUTABLE_FOLDER_PATH)/Tight";
			};
			name = Release;
		};
		E562D7242B3DA34F000775B7 /* Debug */ = {
			isa = XCBuildConfiguration;
			buildSettings = {
				ALWAYS_EMBED_SWIFT_STANDARD_LIBRARIES = YES;
				CODE_SIGN_STYLE = Automatic;
				CURRENT_PROJECT_VERSION = 20240210220922;
				DEVELOPMENT_TEAM = RQ845TWDMJ;
				GENERATE_INFOPLIST_FILE = YES;
				IPHONEOS_DEPLOYMENT_TARGET = 17.0;
				MARKETING_VERSION = 1.0;
				PRODUCT_BUNDLE_IDENTIFIER = com.tightlab.TightUITests;
				PRODUCT_NAME = "$(TARGET_NAME)";
				SWIFT_EMIT_LOC_STRINGS = NO;
				SWIFT_VERSION = 5.0;
				TARGETED_DEVICE_FAMILY = "1,2";
				TEST_TARGET_NAME = Tight;
			};
			name = Debug;
		};
		E562D7252B3DA34F000775B7 /* Release */ = {
			isa = XCBuildConfiguration;
			buildSettings = {
				ALWAYS_EMBED_SWIFT_STANDARD_LIBRARIES = YES;
				CODE_SIGN_STYLE = Automatic;
				CURRENT_PROJECT_VERSION = 20240210220922;
				DEVELOPMENT_TEAM = RQ845TWDMJ;
				GENERATE_INFOPLIST_FILE = YES;
				IPHONEOS_DEPLOYMENT_TARGET = 17.0;
				MARKETING_VERSION = 1.0;
				PRODUCT_BUNDLE_IDENTIFIER = com.tightlab.TightUITests;
				PRODUCT_NAME = "$(TARGET_NAME)";
				SWIFT_EMIT_LOC_STRINGS = NO;
				SWIFT_VERSION = 5.0;
				TARGETED_DEVICE_FAMILY = "1,2";
				TEST_TARGET_NAME = Tight;
			};
			name = Release;
		};
/* End XCBuildConfiguration section */

/* Begin XCConfigurationList section */
		E507EC572B5CE74F009F7094 /* Build configuration list for PBXNativeTarget "TightWatch Watch App" */ = {
			isa = XCConfigurationList;
			buildConfigurations = (
				E507EC512B5CE74F009F7094 /* Debug */,
				E507EC522B5CE74F009F7094 /* Release */,
			);
			defaultConfigurationIsVisible = 0;
			defaultConfigurationName = Release;
		};
		E507EC582B5CE74F009F7094 /* Build configuration list for PBXNativeTarget "TightWatch Watch AppTests" */ = {
			isa = XCConfigurationList;
			buildConfigurations = (
				E507EC532B5CE74F009F7094 /* Debug */,
				E507EC542B5CE74F009F7094 /* Release */,
			);
			defaultConfigurationIsVisible = 0;
			defaultConfigurationName = Release;
		};
		E507EC592B5CE74F009F7094 /* Build configuration list for PBXNativeTarget "TightWatch Watch AppUITests" */ = {
			isa = XCConfigurationList;
			buildConfigurations = (
				E507EC552B5CE74F009F7094 /* Debug */,
				E507EC562B5CE74F009F7094 /* Release */,
			);
			defaultConfigurationIsVisible = 0;
			defaultConfigurationName = Release;
		};
		E554FBA82B4837FC007AB30F /* Build configuration list for PBXNativeTarget "TrainingSessionExtension" */ = {
			isa = XCConfigurationList;
			buildConfigurations = (
				E554FBA62B4837FC007AB30F /* Debug */,
				E554FBA72B4837FC007AB30F /* Release */,
			);
			defaultConfigurationIsVisible = 0;
			defaultConfigurationName = Release;
		};
		E562D6F22B3DA34E000775B7 /* Build configuration list for PBXProject "Tight" */ = {
			isa = XCConfigurationList;
			buildConfigurations = (
				E562D71B2B3DA34F000775B7 /* Debug */,
				E562D71C2B3DA34F000775B7 /* Release */,
			);
			defaultConfigurationIsVisible = 0;
			defaultConfigurationName = Release;
		};
		E562D71D2B3DA34F000775B7 /* Build configuration list for PBXNativeTarget "Tight" */ = {
			isa = XCConfigurationList;
			buildConfigurations = (
				E562D71E2B3DA34F000775B7 /* Debug */,
				E562D71F2B3DA34F000775B7 /* Release */,
			);
			defaultConfigurationIsVisible = 0;
			defaultConfigurationName = Release;
		};
		E562D7202B3DA34F000775B7 /* Build configuration list for PBXNativeTarget "TightTests" */ = {
			isa = XCConfigurationList;
			buildConfigurations = (
				E562D7212B3DA34F000775B7 /* Debug */,
				E562D7222B3DA34F000775B7 /* Release */,
			);
			defaultConfigurationIsVisible = 0;
			defaultConfigurationName = Release;
		};
		E562D7232B3DA34F000775B7 /* Build configuration list for PBXNativeTarget "TightUITests" */ = {
			isa = XCConfigurationList;
			buildConfigurations = (
				E562D7242B3DA34F000775B7 /* Debug */,
				E562D7252B3DA34F000775B7 /* Release */,
			);
			defaultConfigurationIsVisible = 0;
			defaultConfigurationName = Release;
		};
/* End XCConfigurationList section */

/* Begin XCRemoteSwiftPackageReference section */
		E57FD75B2B3DA3E400696968 /* XCRemoteSwiftPackageReference "growthbook-swift" */ = {
			isa = XCRemoteSwiftPackageReference;
			repositoryURL = "https://github.com/growthbook/growthbook-swift.git";
			requirement = {
				kind = upToNextMajorVersion;
				minimumVersion = 1.0.44;
			};
		};
		E57FD75E2B3DAC5B00696968 /* XCRemoteSwiftPackageReference "firebase-ios-sdk" */ = {
			isa = XCRemoteSwiftPackageReference;
			repositoryURL = "https://github.com/firebase/firebase-ios-sdk";
			requirement = {
				kind = upToNextMajorVersion;
				minimumVersion = 10.19.1;
			};
		};
/* End XCRemoteSwiftPackageReference section */

/* Begin XCSwiftPackageProductDependency section */
		C93E940F2B6CF2C100693DF8 /* FirebaseCrashlytics */ = {
			isa = XCSwiftPackageProductDependency;
			package = E57FD75E2B3DAC5B00696968 /* XCRemoteSwiftPackageReference "firebase-ios-sdk" */;
			productName = FirebaseCrashlytics;
		};
		E57FD75C2B3DA3E400696968 /* GrowthBook-IOS */ = {
			isa = XCSwiftPackageProductDependency;
			package = E57FD75B2B3DA3E400696968 /* XCRemoteSwiftPackageReference "growthbook-swift" */;
			productName = "GrowthBook-IOS";
		};
		E57FD7622B3DAD3900696968 /* FirebaseAnalytics */ = {
			isa = XCSwiftPackageProductDependency;
			package = E57FD75E2B3DAC5B00696968 /* XCRemoteSwiftPackageReference "firebase-ios-sdk" */;
			productName = FirebaseAnalytics;
		};
/* End XCSwiftPackageProductDependency section */
	};
	rootObject = E562D6EF2B3DA34E000775B7 /* Project object */;
}
